<?xml version="1.0" encoding="utf-8"?>
<Project ToolsVersion="4.0" xmlns="http://schemas.microsoft.com/developer/msbuild/2003">
  <ItemGroup>
    <Filter Include="99.Defines">
      <UniqueIdentifier>{d7495985-3c12-46a1-9103-ab879aa35a1b}</UniqueIdentifier>
    </Filter>
    <Filter Include="98.Default">
      <UniqueIdentifier>{d17f24ac-7ff8-4bfe-829e-a9a3ec5ef322}</UniqueIdentifier>
    </Filter>
    <Filter Include="MainApp">
      <UniqueIdentifier>{95e95408-2338-43ee-8011-b97b656c5340}</UniqueIdentifier>
    </Filter>
    <Filter Include="Level">
      <UniqueIdentifier>{9b9e55eb-976f-4ef8-ac73-e5c7d9e4b844}</UniqueIdentifier>
    </Filter>
    <Filter Include="Level\Loading">
      <UniqueIdentifier>{13b6b791-5052-43b3-a58a-c1d89323acf4}</UniqueIdentifier>
    </Filter>
    <Filter Include="Level\Logo">
      <UniqueIdentifier>{e56a889c-81b1-4c37-a1c4-46bfc0d6e907}</UniqueIdentifier>
    </Filter>
    <Filter Include="Level\MapEditor">
      <UniqueIdentifier>{f4a18bfa-545c-4dbc-b259-c84bd882e6bf}</UniqueIdentifier>
    </Filter>
    <Filter Include="GameObject">
      <UniqueIdentifier>{d3664898-98d7-4386-9e31-2b708d886e0c}</UniqueIdentifier>
    </Filter>
    <Filter Include="GUIWindow">
      <UniqueIdentifier>{51a364df-2f13-4802-8afd-af15efd4f800}</UniqueIdentifier>
    </Filter>
    <Filter Include="GUIWindow\MapEditorGUI">
      <UniqueIdentifier>{18ce9d3b-230c-4e6b-8301-a4dd84d78150}</UniqueIdentifier>
    </Filter>
    <Filter Include="GUIWindow\MapEditorGUI\Hierarchy">
      <UniqueIdentifier>{9eb788a8-fcbd-4e50-9156-3590b5c22c27}</UniqueIdentifier>
    </Filter>
    <Filter Include="GUIWindow\MapEditorGUI\Inspector">
      <UniqueIdentifier>{5bf757a3-d438-461a-b54a-e0a3dccfad8a}</UniqueIdentifier>
    </Filter>
    <Filter Include="ddd">
      <UniqueIdentifier>{ef133da9-a80d-476f-9250-d7fb017a4488}</UniqueIdentifier>
    </Filter>
  </ItemGroup>
  <ItemGroup>
    <ClInclude Include="framework.h">
      <Filter>98.Default</Filter>
    </ClInclude>
    <ClInclude Include="MapEditor.h">
      <Filter>98.Default</Filter>
    </ClInclude>
    <ClInclude Include="Resource.h">
      <Filter>98.Default</Filter>
    </ClInclude>
    <ClInclude Include="targetver.h">
      <Filter>98.Default</Filter>
    </ClInclude>
    <ClInclude Include="pch.h">
      <Filter>98.Default</Filter>
    </ClInclude>
    <ClInclude Include="..\Public\Client_Defines.h">
      <Filter>99.Defines</Filter>
    </ClInclude>
    <ClInclude Include="..\Public\Level_Defines.h">
      <Filter>99.Defines</Filter>
    </ClInclude>
    <ClInclude Include="..\Public\MainApp.h">
      <Filter>MainApp</Filter>
    </ClInclude>
    <ClInclude Include="..\Public\LevelLoading.h">
      <Filter>Level\Loading</Filter>
    </ClInclude>
    <ClInclude Include="..\Public\LevelLogo.h">
      <Filter>Level\Logo</Filter>
    </ClInclude>
    <ClInclude Include="..\Public\LevelMapEditor.h">
      <Filter>Level\MapEditor</Filter>
    </ClInclude>
    <ClInclude Include="..\Public\TestGuizmo.h">
      <Filter>GameObject</Filter>
    </ClInclude>
    <ClInclude Include="..\Public\GUIWindow.h">
      <Filter>GUIWindow</Filter>
    </ClInclude>
    <ClInclude Include="..\Public\Hierarchy.h">
      <Filter>GUIWindow\MapEditorGUI\Hierarchy</Filter>
    </ClInclude>
    <ClInclude Include="..\Public\Inspector.h">
      <Filter>GUIWindow\MapEditorGUI\Inspector</Filter>
    </ClInclude>
    <ClInclude Include="..\Public\MapEditorGUI.h">
      <Filter>GUIWindow\MapEditorGUI</Filter>
    </ClInclude>
  </ItemGroup>
  <ItemGroup>
    <Image Include="MapEditor.ico">
      <Filter>98.Default</Filter>
    </Image>
    <Image Include="small.ico">
      <Filter>98.Default</Filter>
    </Image>
  </ItemGroup>
  <ItemGroup>
    <ResourceCompile Include="MapEditor.rc">
      <Filter>98.Default</Filter>
    </ResourceCompile>
  </ItemGroup>
  <ItemGroup>
    <ClCompile Include="MapEditor.cpp">
      <Filter>98.Default</Filter>
    </ClCompile>
    <ClCompile Include="pch.cpp">
      <Filter>98.Default</Filter>
    </ClCompile>
    <ClCompile Include="..\Private\MainApp.cpp">
      <Filter>MainApp</Filter>
    </ClCompile>
    <ClCompile Include="..\Private\LevelLoading.cpp">
      <Filter>Level\Loading</Filter>
    </ClCompile>
    <ClCompile Include="..\Private\LevelLogo.cpp">
      <Filter>Level\Logo</Filter>
    </ClCompile>
    <ClCompile Include="..\Private\LevelMapEditor.cpp">
      <Filter>Level\MapEditor</Filter>
    </ClCompile>
    <ClCompile Include="..\Private\TestGuizmo.cpp">
      <Filter>GameObject</Filter>
    </ClCompile>
    <ClCompile Include="..\Private\GUIWindow.cpp">
      <Filter>GUIWindow</Filter>
    </ClCompile>
    <ClCompile Include="..\Private\Hierarchy.cpp">
      <Filter>GUIWindow\MapEditorGUI\Hierarchy</Filter>
    </ClCompile>
    <ClCompile Include="..\Private\Inspector.cpp">
      <Filter>GUIWindow\MapEditorGUI\Inspector</Filter>
    </ClCompile>
    <ClCompile Include="..\Private\MapEditorGUI.cpp">
      <Filter>GUIWindow\MapEditorGUI</Filter>
    </ClCompile>
  </ItemGroup>
</Project>