<?xml version="1.0" encoding="utf-8"?>
<Project ToolsVersion="4.0" xmlns="http://schemas.microsoft.com/developer/msbuild/2003">
  <ItemGroup>
    <Filter Include="98.Default">
      <UniqueIdentifier>{23ee8efb-37d4-464a-b392-6d8f909e6b7a}</UniqueIdentifier>
    </Filter>
    <Filter Include="99.Defines">
      <UniqueIdentifier>{26c9f4a4-0153-4595-b869-61460fa55b88}</UniqueIdentifier>
    </Filter>
    <Filter Include="GameInstance">
      <UniqueIdentifier>{a814c844-b95a-4104-995f-bbc4c8a8d25a}</UniqueIdentifier>
    </Filter>
    <Filter Include="BaseApp">
      <UniqueIdentifier>{40f1e65e-3467-408e-b390-587cebb2025d}</UniqueIdentifier>
    </Filter>
    <Filter Include="Time">
      <UniqueIdentifier>{4d02c76b-0d81-4f29-a8f6-ec77407e7ad2}</UniqueIdentifier>
    </Filter>
    <Filter Include="Level">
      <UniqueIdentifier>{cfa7b3e2-abe9-4952-b88b-0d6f2be2116b}</UniqueIdentifier>
    </Filter>
    <Filter Include="ImGui">
      <UniqueIdentifier>{c67290ad-a882-4268-91f0-81d6ad87472e}</UniqueIdentifier>
    </Filter>
    <Filter Include="ImGui\imgui">
      <UniqueIdentifier>{2a1a2573-5dc3-4262-b519-9fbf141ad6d5}</UniqueIdentifier>
    </Filter>
    <Filter Include="ImGui\imguizmo">
      <UniqueIdentifier>{f6893867-4423-451a-aee4-c91a239734c5}</UniqueIdentifier>
    </Filter>
    <Filter Include="Device">
      <UniqueIdentifier>{53bc83b9-4663-4102-9798-64e0f36db39c}</UniqueIdentifier>
    </Filter>
    <Filter Include="Device\Graphic">
      <UniqueIdentifier>{8859e8ae-f346-4551-a4dd-36c2471a2c49}</UniqueIdentifier>
    </Filter>
    <Filter Include="Device\Input">
      <UniqueIdentifier>{d2cd5ae9-b348-4414-9ae4-1616a7287306}</UniqueIdentifier>
    </Filter>
    <Filter Include="Resource">
      <UniqueIdentifier>{c8a0456f-6b91-48d8-af99-e59ddfa1c63d}</UniqueIdentifier>
    </Filter>
    <Filter Include="Resource\Font">
      <UniqueIdentifier>{d0004710-1375-4923-975f-1e3ac4ba452f}</UniqueIdentifier>
    </Filter>
    <Filter Include="Resource\Manager">
      <UniqueIdentifier>{0d766ba3-8ab1-4757-91b5-043e918e8b89}</UniqueIdentifier>
    </Filter>
    <Filter Include="Resource\Shader">
      <UniqueIdentifier>{f9fb2342-a1b9-4de9-9a4e-338b797bf02f}</UniqueIdentifier>
    </Filter>
    <Filter Include="Resource\State">
      <UniqueIdentifier>{96d148e3-a692-482c-97de-89854e79b9fc}</UniqueIdentifier>
    </Filter>
    <Filter Include="Resource\Texture">
      <UniqueIdentifier>{f8eaf459-6a88-4267-8ce9-7748bafcf05d}</UniqueIdentifier>
    </Filter>
    <Filter Include="Resource\ViewPort">
      <UniqueIdentifier>{ae93cd44-51ac-46e6-afc1-398a7858931e}</UniqueIdentifier>
    </Filter>
    <Filter Include="Resource\Json">
      <UniqueIdentifier>{e8711322-ff45-4451-9531-092d29c57fb8}</UniqueIdentifier>
    </Filter>
    <Filter Include="Resource\FmodSound">
      <UniqueIdentifier>{b2d31a83-31db-430e-812b-c9ecd6de9a85}</UniqueIdentifier>
    </Filter>
    <Filter Include="Resource\Buffer">
      <UniqueIdentifier>{e8df7f74-2a1d-4d32-a6c0-0d1a15739002}</UniqueIdentifier>
    </Filter>
    <Filter Include="Resource\Buffer\ConstBuffer">
      <UniqueIdentifier>{030335b4-0a6b-4227-a098-29cc75deaa38}</UniqueIdentifier>
    </Filter>
    <Filter Include="Resource\Buffer\VIBuffer">
      <UniqueIdentifier>{56f135a7-5025-4a70-8800-48d21a5d2040}</UniqueIdentifier>
    </Filter>
    <Filter Include="Resource\State\Blend">
      <UniqueIdentifier>{59c7483c-6d85-40de-a65d-19631e785c59}</UniqueIdentifier>
    </Filter>
    <Filter Include="Resource\State\DepthStencil">
      <UniqueIdentifier>{f2585fca-4948-4f9e-8a92-af6874d78db2}</UniqueIdentifier>
    </Filter>
    <Filter Include="Resource\State\Rasterizer">
      <UniqueIdentifier>{03339ace-266c-4d22-aa8a-470bea628098}</UniqueIdentifier>
    </Filter>
    <Filter Include="Resource\State\Sampler">
      <UniqueIdentifier>{b8e61d9d-e748-4876-a582-cf2d69e3a5fa}</UniqueIdentifier>
    </Filter>
    <Filter Include="Resource\Shader\Compute">
      <UniqueIdentifier>{630a49c6-b457-495e-aae1-a03292817dc3}</UniqueIdentifier>
    </Filter>
    <Filter Include="Resource\Shader\Geometry">
      <UniqueIdentifier>{4ff752a9-48d9-424e-b62b-dbf413a1a1a2}</UniqueIdentifier>
    </Filter>
    <Filter Include="Resource\Shader\Pixel">
      <UniqueIdentifier>{13f02c6e-b1e5-424a-91a4-bd76d0f2d039}</UniqueIdentifier>
    </Filter>
    <Filter Include="Resource\Shader\GeometryStreamOut">
      <UniqueIdentifier>{815603bb-e4ba-4228-8bf2-8567a4371ab0}</UniqueIdentifier>
    </Filter>
    <Filter Include="Resource\Shader\TessDomain">
      <UniqueIdentifier>{468f35c9-1fd8-4c6f-b476-ae0b2b77836d}</UniqueIdentifier>
    </Filter>
    <Filter Include="Resource\Shader\TessHull">
      <UniqueIdentifier>{24cfae73-a59e-4e69-a9e8-9b08dbc8c78f}</UniqueIdentifier>
    </Filter>
    <Filter Include="Resource\Shader\Vertex">
      <UniqueIdentifier>{ff6595ec-c455-443c-81c4-fb4b9acf104a}</UniqueIdentifier>
    </Filter>
    <Filter Include="Resource\Buffer\DynamicBuffer">
      <UniqueIdentifier>{c03a2d95-c663-4719-a98e-d79579b1857d}</UniqueIdentifier>
    </Filter>
    <Filter Include="Resource\Buffer\VIBuffer\DynamicVIBuffer">
      <UniqueIdentifier>{0edfb839-b17f-4270-9a8d-896874f8a206}</UniqueIdentifier>
    </Filter>
    <Filter Include="Resource\Buffer\VIBuffer\Quad">
      <UniqueIdentifier>{f2a7f268-c5ee-48b0-a170-8aa86851654e}</UniqueIdentifier>
    </Filter>
    <Filter Include="Resource\Buffer\VIBuffer\Cube">
      <UniqueIdentifier>{27fd8183-79c0-4769-aec6-b725913d457a}</UniqueIdentifier>
    </Filter>
    <Filter Include="Sound">
      <UniqueIdentifier>{104cf38f-3563-4e08-b415-b18017d636b9}</UniqueIdentifier>
    </Filter>
    <Filter Include="Font">
      <UniqueIdentifier>{a7efe019-3372-4b19-8714-7c5ac1fee46f}</UniqueIdentifier>
    </Filter>
    <Filter Include="Prototype">
      <UniqueIdentifier>{54486c49-b52c-4909-92af-78ef430ec133}</UniqueIdentifier>
    </Filter>
    <Filter Include="Component">
      <UniqueIdentifier>{f49d9caf-24dd-46ca-bf6a-c7fbf2352913}</UniqueIdentifier>
    </Filter>
    <Filter Include="Component\Transform">
      <UniqueIdentifier>{c80e3876-42f2-4fe4-abec-5c48ba277df0}</UniqueIdentifier>
    </Filter>
    <Filter Include="Component\Collider">
      <UniqueIdentifier>{4a2f1db1-2bfb-48a0-9cbc-d28404da8708}</UniqueIdentifier>
    </Filter>
    <Filter Include="Component\ConstantBuffer">
      <UniqueIdentifier>{a74745d2-ec65-4a07-84b1-b21d786b102e}</UniqueIdentifier>
    </Filter>
    <Filter Include="GameObject">
      <UniqueIdentifier>{d05dad28-bbf8-4a57-a0c8-5127700056bd}</UniqueIdentifier>
    </Filter>
    <Filter Include="Renderer">
      <UniqueIdentifier>{549e746a-0669-43be-9f3d-ee124add7771}</UniqueIdentifier>
    </Filter>
    <Filter Include="Collider">
      <UniqueIdentifier>{523cc379-1ed9-40ce-b88b-b1e52d3bb9aa}</UniqueIdentifier>
    </Filter>
    <Filter Include="Collider\Box">
      <UniqueIdentifier>{e35deb10-227f-41da-b7e8-961304c7ecda}</UniqueIdentifier>
    </Filter>
    <Filter Include="Collider\Frustum">
      <UniqueIdentifier>{c4081a5f-0c2a-4e6e-873d-f1901e6a943f}</UniqueIdentifier>
    </Filter>
    <Filter Include="Collider\Manager">
      <UniqueIdentifier>{c8e8f265-ca96-4922-95b4-aa182d60f51d}</UniqueIdentifier>
    </Filter>
    <Filter Include="Collider\OrientedBox">
      <UniqueIdentifier>{c3bed82c-45ca-4d25-928d-cb4ffe012107}</UniqueIdentifier>
    </Filter>
    <Filter Include="Collider\Sphere">
      <UniqueIdentifier>{fe2c338b-2ba5-4f53-b45d-c732a005afc9}</UniqueIdentifier>
    </Filter>
    <Filter Include="GameObject\Manager">
      <UniqueIdentifier>{038b9275-f003-4aec-b55b-8051b26a4609}</UniqueIdentifier>
    </Filter>
    <Filter Include="GameObject\Camera">
      <UniqueIdentifier>{be9de0bd-5df9-4eb4-8790-1b60eb54ec33}</UniqueIdentifier>
    </Filter>
    <Filter Include="GameObject\Camera\Manager">
      <UniqueIdentifier>{93babcc0-13ad-4a2e-bbf7-661acfb611df}</UniqueIdentifier>
    </Filter>
    <Filter Include="GameObject\UI">
      <UniqueIdentifier>{a645e0f5-17ff-4ea4-9322-a66172b21c65}</UniqueIdentifier>
    </Filter>
    <Filter Include="GameObject\Camera\FlyCamera">
      <UniqueIdentifier>{ce70bf57-b1c2-418d-a4e6-1f2fa0d50898}</UniqueIdentifier>
    </Filter>
    <Filter Include="GameObject\Camera\UICamera">
      <UniqueIdentifier>{7b11d538-0c52-4c53-b765-ceff8b82410a}</UniqueIdentifier>
    </Filter>
    <Filter Include="Component\BeHavior">
      <UniqueIdentifier>{eeb87804-96a4-445d-b56d-cd299f59d99a}</UniqueIdentifier>
    </Filter>
    <Filter Include="Component\BeHavior\Root">
      <UniqueIdentifier>{778c404a-02df-4df7-8ba6-c39c86543c21}</UniqueIdentifier>
    </Filter>
    <Filter Include="Component\BeHavior\Root\Composite">
      <UniqueIdentifier>{4f83284b-9c4b-4ed3-bd92-b3e09161a9d6}</UniqueIdentifier>
    </Filter>
    <Filter Include="Component\BeHavior\Root\Composite\CompositeNode">
      <UniqueIdentifier>{bb4102c8-dfc5-48a9-ba4b-088bcfd0c1d3}</UniqueIdentifier>
    </Filter>
    <Filter Include="Component\BeHavior\Root\Composite\CompositeNode\ActionNode">
      <UniqueIdentifier>{34a81dda-27be-4b5f-987d-0d8910cb8c11}</UniqueIdentifier>
    </Filter>
    <Filter Include="GameObject\UI\UITool">
      <UniqueIdentifier>{527ebbb4-6136-4ae8-9733-fd76ed85ac3d}</UniqueIdentifier>
    </Filter>
    <Filter Include="Component\Model">
      <UniqueIdentifier>{dfa57b22-fd37-4dd2-9367-bbd2228e36e0}</UniqueIdentifier>
    </Filter>
    <Filter Include="Resource\Model">
      <UniqueIdentifier>{da29fb2a-2441-4902-b380-64c51f245a4a}</UniqueIdentifier>
    </Filter>
    <Filter Include="Resource\TestModel">
      <UniqueIdentifier>{4c25b2ac-573c-40ee-88e7-0f70de63247b}</UniqueIdentifier>
    </Filter>
    <Filter Include="Resource\TestModel\Mesh">
      <UniqueIdentifier>{1a12f9fc-dc1d-45cc-aab6-2cb7353e89a3}</UniqueIdentifier>
    </Filter>
    <Filter Include="Resource\TestModel\Bone">
      <UniqueIdentifier>{bc24a058-4739-4344-b77f-23414a27730c}</UniqueIdentifier>
    </Filter>
    <Filter Include="Resource\TestModel\Animation">
      <UniqueIdentifier>{82bcb8c8-265d-4ffc-ae85-34d63c9d456c}</UniqueIdentifier>
    </Filter>
    <Filter Include="Resource\TestModel\Animation\Chanel">
      <UniqueIdentifier>{8dcf1b80-d4bb-479a-ac3a-10c4930d8b06}</UniqueIdentifier>
    </Filter>
    <Filter Include="Particle">
      <UniqueIdentifier>{589fcc85-1017-4ac2-af22-a72a33cda30d}</UniqueIdentifier>
    </Filter>
    <Filter Include="Particle\Manager">
      <UniqueIdentifier>{c1fa7139-e2b8-42e3-af1a-6f6586237a79}</UniqueIdentifier>
    </Filter>
    <Filter Include="Resource\Buffer\StructuredBuffer">
      <UniqueIdentifier>{597ecc2e-6e12-4bca-a731-710e41604dc9}</UniqueIdentifier>
    </Filter>
    <Filter Include="Resource\TestModel\Material">
      <UniqueIdentifier>{45ea22c3-2923-44e3-a37e-472383f5a015}</UniqueIdentifier>
    </Filter>
    <Filter Include="Worker">
      <UniqueIdentifier>{4b54a874-7f22-406a-87ee-4ab1ddb1f1ec}</UniqueIdentifier>
    </Filter>
    <Filter Include="ShaderManager">
      <UniqueIdentifier>{8c4a927c-c056-4793-822a-c8e18c8ed7cd}</UniqueIdentifier>
    </Filter>
    <Filter Include="ShaderFiles">
      <UniqueIdentifier>{49228d5e-6075-4149-aa44-94dbc979feae}</UniqueIdentifier>
    </Filter>
    <Filter Include="Tracy">
      <UniqueIdentifier>{e02f4b44-ac4b-4c18-9468-0d92e7afed7a}</UniqueIdentifier>
    </Filter>
    <Filter Include="Component\Model\ComModelInstance">
      <UniqueIdentifier>{f96b322a-def0-42b5-b018-9b2180faac69}</UniqueIdentifier>
    </Filter>
    <Filter Include="Component\Model\ComAnimMontage">
      <UniqueIdentifier>{21a90845-ab5e-4613-9e21-afc67bec6f01}</UniqueIdentifier>
    </Filter>
    <Filter Include="Component\Model\ComAnimator">
      <UniqueIdentifier>{f72128ce-6417-4102-85a1-b6d875c091b8}</UniqueIdentifier>
    </Filter>
    <Filter Include="AnimationEditor">
      <UniqueIdentifier>{5068b7e8-6054-49e9-b16c-65ba14323f27}</UniqueIdentifier>
    </Filter>
    <Filter Include="ImGui\imguiNode">
      <UniqueIdentifier>{f6e1fdd5-8097-4129-ac35-c16f95a426fc}</UniqueIdentifier>
    </Filter>
    <Filter Include="Component\BeHavior\NodeEditor">
      <UniqueIdentifier>{e03910e5-6429-4dec-a18a-068d40361ec5}</UniqueIdentifier>
    </Filter>
    <Filter Include="ShaderFiles\ShaderHeader">
      <UniqueIdentifier>{d77b96f9-a136-4e98-99f4-f8e028b0a6b7}</UniqueIdentifier>
    </Filter>
    <Filter Include="ShaderFiles\PBR">
      <UniqueIdentifier>{c32867ef-b809-4772-8df2-1fc6fb47d2b1}</UniqueIdentifier>
    </Filter>
    <Filter Include="ShaderFiles\PostProcess">
      <UniqueIdentifier>{6333958a-0ae9-43c0-be71-e225845411eb}</UniqueIdentifier>
    </Filter>
    <Filter Include="ShaderFiles\DeferredRendering">
      <UniqueIdentifier>{e1969c45-06ce-4472-8db8-e28ba8c9d171}</UniqueIdentifier>
    </Filter>
    <Filter Include="ShaderFiles\TestModel">
      <UniqueIdentifier>{b6b2669a-5f7d-4f5d-8f43-d61f06a7274f}</UniqueIdentifier>
    </Filter>
    <Filter Include="GameObject\Light">
      <UniqueIdentifier>{9b4bff0c-7aff-4a33-bbfa-dbc8a79bb31a}</UniqueIdentifier>
    </Filter>
    <Filter Include="GameObject\Light\LightManager">
      <UniqueIdentifier>{d7857738-565d-4c8e-a809-69cd550d51f5}</UniqueIdentifier>
    </Filter>
    <Filter Include="GameObject\Light\Light">
      <UniqueIdentifier>{80386b6b-b029-4c7a-8977-2585324517d4}</UniqueIdentifier>
    </Filter>
    <Filter Include="Renderer\MyGFSDK_SSAO">
      <UniqueIdentifier>{01c59ff2-d7dc-4d7e-bfdf-981eb6d44a2e}</UniqueIdentifier>
    </Filter>
    <Filter Include="GameObject\MapMeshObject">
      <UniqueIdentifier>{771de9b5-bb1c-4900-8366-21c558f64744}</UniqueIdentifier>
    </Filter>
  </ItemGroup>
  <ItemGroup>
    <ClInclude Include="framework.h">
      <Filter>98.Default</Filter>
    </ClInclude>
    <ClInclude Include="pch.h">
      <Filter>98.Default</Filter>
    </ClInclude>
    <ClInclude Include="..\public\GameInstance.h">
      <Filter>GameInstance</Filter>
    </ClInclude>
    <ClInclude Include="..\Public\Engine_Typedef.h">
      <Filter>99.Defines</Filter>
    </ClInclude>
    <ClInclude Include="..\Public\Engine_Defines.h">
      <Filter>99.Defines</Filter>
    </ClInclude>
    <ClInclude Include="..\Public\Engine_Enum.h">
      <Filter>99.Defines</Filter>
    </ClInclude>
    <ClInclude Include="..\Public\Engine_Function.h">
      <Filter>99.Defines</Filter>
    </ClInclude>
    <ClInclude Include="..\Public\Engine_Macro.h">
      <Filter>99.Defines</Filter>
    </ClInclude>
    <ClInclude Include="..\Public\Engine_Struct.h">
      <Filter>99.Defines</Filter>
    </ClInclude>
    <ClInclude Include="..\Public\Engine_Tag.h">
      <Filter>99.Defines</Filter>
    </ClInclude>
    <ClInclude Include="..\Public\Engine_Template.h">
      <Filter>99.Defines</Filter>
    </ClInclude>
    <ClInclude Include="..\Public\Engine_Base.h">
      <Filter>99.Defines</Filter>
    </ClInclude>
    <ClInclude Include="..\Public\TimeProvider.h">
      <Filter>Time</Filter>
    </ClInclude>
    <ClInclude Include="..\Public\Timer.h">
      <Filter>Time</Filter>
    </ClInclude>
    <ClInclude Include="..\Public\BaseApp.h">
      <Filter>BaseApp</Filter>
    </ClInclude>
    <ClInclude Include="..\Public\LevelManager.h">
      <Filter>Level</Filter>
    </ClInclude>
    <ClInclude Include="..\Public\Level.h">
      <Filter>Level</Filter>
    </ClInclude>
    <ClInclude Include="..\Public\ImguiManager.h">
      <Filter>ImGui</Filter>
    </ClInclude>
    <ClInclude Include="..\Public\DInputManager.h">
      <Filter>Device\Input</Filter>
    </ClInclude>
    <ClInclude Include="..\Public\GraphicDevice.h">
      <Filter>Device\Graphic</Filter>
    </ClInclude>
    <ClInclude Include="..\Public\Resource.h">
      <Filter>Resource</Filter>
    </ClInclude>
    <ClInclude Include="..\Public\Resources.h">
      <Filter>Resource</Filter>
    </ClInclude>
    <ClInclude Include="..\Public\ResDynamicTexture2D.h">
      <Filter>Resource\Texture</Filter>
    </ClInclude>
    <ClInclude Include="..\Public\ResFmodSound.h">
      <Filter>Resource\FmodSound</Filter>
    </ClInclude>
    <ClInclude Include="..\Public\ResFont.h">
      <Filter>Resource\Font</Filter>
    </ClInclude>
    <ClInclude Include="..\Public\ResFontCustom.h">
      <Filter>Resource\Font</Filter>
    </ClInclude>
    <ClInclude Include="..\Public\ResJson.h">
      <Filter>Resource\Json</Filter>
    </ClInclude>
    <ClInclude Include="..\Public\ResOffscreenTexture.h">
      <Filter>Resource\Texture</Filter>
    </ClInclude>
    <ClInclude Include="..\Public\ResourceManager.h">
      <Filter>Resource\Manager</Filter>
    </ClInclude>
    <ClInclude Include="..\Public\ResShader.h">
      <Filter>Resource\Shader</Filter>
    </ClInclude>
    <ClInclude Include="..\Public\ResTexture.h">
      <Filter>Resource\Texture</Filter>
    </ClInclude>
    <ClInclude Include="..\Public\ResTexture2D.h">
      <Filter>Resource\Texture</Filter>
    </ClInclude>
    <ClInclude Include="..\Public\ResTexture2DArray.h">
      <Filter>Resource\Texture</Filter>
    </ClInclude>
    <ClInclude Include="..\Public\ResTextureCubeMap.h">
      <Filter>Resource\Texture</Filter>
    </ClInclude>
    <ClInclude Include="..\Public\ResViewPort.h">
      <Filter>Resource\ViewPort</Filter>
    </ClInclude>
    <ClInclude Include="..\Public\ResCBuffer.h">
      <Filter>Resource\Buffer\ConstBuffer</Filter>
    </ClInclude>
    <ClInclude Include="..\Public\ResVIBuffer.h">
      <Filter>Resource\Buffer\VIBuffer</Filter>
    </ClInclude>
    <ClInclude Include="..\Public\ResBlendState.h">
      <Filter>Resource\State\Blend</Filter>
    </ClInclude>
    <ClInclude Include="..\Public\ResDepthStencilState.h">
      <Filter>Resource\State\DepthStencil</Filter>
    </ClInclude>
    <ClInclude Include="..\Public\ResRasterizerState.h">
      <Filter>Resource\State\Rasterizer</Filter>
    </ClInclude>
    <ClInclude Include="..\Public\ResSamplerState.h">
      <Filter>Resource\State\Sampler</Filter>
    </ClInclude>
    <ClInclude Include="..\Public\ResComputeShader.h">
      <Filter>Resource\Shader\Compute</Filter>
    </ClInclude>
    <ClInclude Include="..\Public\ResGeometryShader.h">
      <Filter>Resource\Shader\Geometry</Filter>
    </ClInclude>
    <ClInclude Include="..\Public\ResPixelShader.h">
      <Filter>Resource\Shader\Pixel</Filter>
    </ClInclude>
    <ClInclude Include="..\Public\ResGeoShaderStreamOut.h">
      <Filter>Resource\Shader\GeometryStreamOut</Filter>
    </ClInclude>
    <ClInclude Include="..\Public\ResTessDomainShader.h">
      <Filter>Resource\Shader\TessDomain</Filter>
    </ClInclude>
    <ClInclude Include="..\Public\ResTessHullShader.h">
      <Filter>Resource\Shader\TessHull</Filter>
    </ClInclude>
    <ClInclude Include="..\Public\ResVertexShader.h">
      <Filter>Resource\Shader\Vertex</Filter>
    </ClInclude>
    <ClInclude Include="..\Public\ResDynamicBuffer.h">
      <Filter>Resource\Buffer\DynamicBuffer</Filter>
    </ClInclude>
    <ClInclude Include="..\Public\ResDynamicVIBuffer.h">
      <Filter>Resource\Buffer\VIBuffer\DynamicVIBuffer</Filter>
    </ClInclude>
    <ClInclude Include="..\Public\ResQuadTexBuffer.h">
      <Filter>Resource\Buffer\VIBuffer\Quad</Filter>
    </ClInclude>
    <ClInclude Include="..\Public\ResQuadBuffer.h">
      <Filter>Resource\Buffer\VIBuffer\Quad</Filter>
    </ClInclude>
    <ClInclude Include="..\Public\ResQuadColBuffer.h">
      <Filter>Resource\Buffer\VIBuffer\Quad</Filter>
    </ClInclude>
    <ClInclude Include="..\Public\ResQuadFullscreenTexBuffer.h">
      <Filter>Resource\Buffer\VIBuffer\Quad</Filter>
    </ClInclude>
    <ClInclude Include="..\Public\ResCubeBuffer.h">
      <Filter>Resource\Buffer\VIBuffer\Cube</Filter>
    </ClInclude>
    <ClInclude Include="..\Public\ResCubeColBuffer.h">
      <Filter>Resource\Buffer\VIBuffer\Cube</Filter>
    </ClInclude>
    <ClInclude Include="..\Public\SoundManager.h">
      <Filter>Sound</Filter>
    </ClInclude>
    <ClInclude Include="..\Public\FontManager.h">
      <Filter>Font</Filter>
    </ClInclude>
    <ClInclude Include="..\Public\WorkerManager.h">
      <Filter>Worker</Filter>
    </ClInclude>
    <ClInclude Include="..\Public\Prototype.h">
      <Filter>Prototype</Filter>
    </ClInclude>
    <ClInclude Include="..\Public\PrototypeManager.h">
      <Filter>Prototype</Filter>
    </ClInclude>
    <ClInclude Include="..\Public\Component.h">
      <Filter>Component</Filter>
    </ClInclude>
    <ClInclude Include="..\Public\ComTransform.h">
      <Filter>Component\Transform</Filter>
    </ClInclude>
    <ClInclude Include="..\Public\ComCollider.h">
      <Filter>Component\Collider</Filter>
    </ClInclude>
    <ClInclude Include="..\Public\ComConstantBuffer.h">
      <Filter>Component\ConstantBuffer</Filter>
    </ClInclude>
    <ClInclude Include="..\Public\GameObject.h">
      <Filter>GameObject</Filter>
    </ClInclude>
    <ClInclude Include="..\Public\MyTreeNode.h">
      <Filter>GameObject</Filter>
    </ClInclude>
    <ClInclude Include="..\Public\Slot.h">
      <Filter>GameObject</Filter>
    </ClInclude>
    <ClInclude Include="..\Public\Handle.h">
      <Filter>GameObject</Filter>
    </ClInclude>
    <ClInclude Include="..\Public\IRenderable.h">
      <Filter>Renderer</Filter>
    </ClInclude>
    <ClInclude Include="..\Public\Collider.h">
      <Filter>Collider</Filter>
    </ClInclude>
    <ClInclude Include="..\Public\CollBox.h">
      <Filter>Collider\Box</Filter>
    </ClInclude>
    <ClInclude Include="..\Public\CollFrustum.h">
      <Filter>Collider\Frustum</Filter>
    </ClInclude>
    <ClInclude Include="..\Public\ColliderManager.h">
      <Filter>Collider\Manager</Filter>
    </ClInclude>
    <ClInclude Include="..\Public\CollOrientedBox.h">
      <Filter>Collider\OrientedBox</Filter>
    </ClInclude>
    <ClInclude Include="..\Public\CollSphere.h">
      <Filter>Collider\Sphere</Filter>
    </ClInclude>
    <ClInclude Include="..\Public\GameObjectManager.h">
      <Filter>GameObject\Manager</Filter>
    </ClInclude>
    <ClInclude Include="..\Public\CameraObject.h">
      <Filter>GameObject\Camera</Filter>
    </ClInclude>
    <ClInclude Include="..\Public\CameraManager.h">
      <Filter>GameObject\Camera\Manager</Filter>
    </ClInclude>
    <ClInclude Include="..\Public\UIObject.h">
      <Filter>GameObject\UI</Filter>
    </ClInclude>
    <ClInclude Include="..\Public\FlyCamera.h">
      <Filter>GameObject\Camera\FlyCamera</Filter>
    </ClInclude>
    <ClInclude Include="..\Public\Renderer.h">
      <Filter>Renderer</Filter>
    </ClInclude>
    <ClInclude Include="..\Public\UICamera.h">
      <Filter>GameObject\Camera\UICamera</Filter>
    </ClInclude>
    <ClInclude Include="..\Public\Engine_Struct_ConstantBuffer.h">
      <Filter>99.Defines</Filter>
    </ClInclude>
    <ClInclude Include="..\Public\Engine_Struct_Vertex.h">
      <Filter>99.Defines</Filter>
    </ClInclude>
    <ClInclude Include="..\Public\ResModel.h">
      <Filter>Resource\Model</Filter>
    </ClInclude>
    <ClInclude Include="..\Public\ResTestModel.h">
      <Filter>Resource\TestModel</Filter>
    </ClInclude>
    <ClInclude Include="..\Public\ResTestModelMesh.h">
      <Filter>Resource\TestModel\Mesh</Filter>
    </ClInclude>
    <ClInclude Include="..\Public\ResTestModelBone.h">
      <Filter>Resource\TestModel\Bone</Filter>
    </ClInclude>
    <ClInclude Include="..\Public\ResTestModelAnim.h">
      <Filter>Resource\TestModel\Animation</Filter>
    </ClInclude>
    <ClInclude Include="..\Public\ResTestModelChanel.h">
      <Filter>Resource\TestModel\Animation\Chanel</Filter>
    </ClInclude>
    <ClInclude Include="..\Public\ResTestModelMaterial.h">
      <Filter>Resource\TestModel\Material</Filter>
    </ClInclude>
    <ClInclude Include="..\Public\Engine_Assimp_Enum.h">
      <Filter>99.Defines</Filter>
    </ClInclude>
    <ClInclude Include="..\public\ParticleManager.h">
      <Filter>Particle\Manager</Filter>
    </ClInclude>
    <ClInclude Include="..\public\ResStructuredBuffer.h">
      <Filter>Resource\Buffer\StructuredBuffer</Filter>
    </ClInclude>
    <ClInclude Include="..\public\BTSelector.h">
      <Filter>Component\BeHavior\Root\Composite\CompositeNode</Filter>
    </ClInclude>
    <ClInclude Include="..\public\BTSecqunce.h">
      <Filter>Component\BeHavior\Root\Composite\CompositeNode</Filter>
    </ClInclude>
    <ClInclude Include="..\public\ComBeHavior.h">
      <Filter>Component\BeHavior</Filter>
    </ClInclude>
    <ClInclude Include="..\public\BTRoot.h">
      <Filter>Component\BeHavior\Root</Filter>
    </ClInclude>
    <ClInclude Include="..\Public\BTComposite.h">
      <Filter>Component\BeHavior\Root\Composite</Filter>
    </ClInclude>
    <ClInclude Include="..\Public\BTActionNode.h">
      <Filter>Component\BeHavior\Root\Composite\CompositeNode\ActionNode</Filter>
    </ClInclude>
    <ClInclude Include="..\Public\UIManager.h">
      <Filter>GameObject\UI\UITool</Filter>
    </ClInclude>
    <ClInclude Include="..\Public\ShaderManager.h">
      <Filter>ShaderManager</Filter>
    </ClInclude>
    <ClInclude Include="..\Public\ComModelInstance.h">
      <Filter>Component\Model\ComModelInstance</Filter>
    </ClInclude>
    <ClInclude Include="..\Public\ComAnimator.h">
      <Filter>Component\Model\ComAnimator</Filter>
    </ClInclude>
    <ClInclude Include="..\Public\ComAnimMontage.h">
      <Filter>Component\Model\ComAnimMontage</Filter>
    </ClInclude>
    <ClInclude Include="..\Public\AnimEdit_Manager.h">
      <Filter>AnimationEditor</Filter>
    </ClInclude>
    <ClInclude Include="..\public\NodeEditor.h">
      <Filter>Component\BeHavior\NodeEditor</Filter>
    </ClInclude>
    <ClInclude Include="..\Public\LightManager.h">
      <Filter>GameObject\Light\LightManager</Filter>
    </ClInclude>
    <ClInclude Include="..\Public\Light.h">
      <Filter>GameObject\Light\Light</Filter>
    </ClInclude>
    <ClInclude Include="..\public\MyGFSDK_SSAO.h">
      <Filter>Renderer\MyGFSDK_SSAO</Filter>
    </ClInclude>
    <ClInclude Include="..\Public\MapMeshObject.h">
      <Filter>GameObject\MapMeshObject</Filter>
    </ClInclude>
    <ClInclude Include="..\Public\MapManager.h">
      <Filter>GameObject\Manager</Filter>
    </ClInclude>
  </ItemGroup>
  <ItemGroup>
    <ClCompile Include="pch.cpp">
      <Filter>98.Default</Filter>
    </ClCompile>
    <ClCompile Include="..\private\GameInstance.cpp">
      <Filter>GameInstance</Filter>
    </ClCompile>
    <ClCompile Include="..\Private\Timer.cpp">
      <Filter>Time</Filter>
    </ClCompile>
    <ClCompile Include="..\Private\TimeProvider.cpp">
      <Filter>Time</Filter>
    </ClCompile>
    <ClCompile Include="..\Private\BaseApp.cpp">
      <Filter>BaseApp</Filter>
    </ClCompile>
    <ClCompile Include="..\Private\Level.cpp">
      <Filter>Level</Filter>
    </ClCompile>
    <ClCompile Include="..\Private\LevelManager.cpp">
      <Filter>Level</Filter>
    </ClCompile>
    <ClCompile Include="..\Private\ImguiManager.cpp">
      <Filter>ImGui</Filter>
    </ClCompile>
    <ClCompile Include="..\..\ThirdParty\ImGuizmo-1.83\GraphEditor.cpp">
      <Filter>ImGui\imguizmo</Filter>
    </ClCompile>
    <ClCompile Include="..\..\ThirdParty\ImGuizmo-1.83\ImCurveEdit.cpp">
      <Filter>ImGui\imguizmo</Filter>
    </ClCompile>
    <ClCompile Include="..\..\ThirdParty\ImGuizmo-1.83\ImGradient.cpp">
      <Filter>ImGui\imguizmo</Filter>
    </ClCompile>
    <ClCompile Include="..\..\ThirdParty\ImGuizmo-1.83\ImGuizmo.cpp">
      <Filter>ImGui\imguizmo</Filter>
    </ClCompile>
    <ClCompile Include="..\..\ThirdParty\ImGuizmo-1.83\ImSequencer.cpp">
      <Filter>ImGui\imguizmo</Filter>
    </ClCompile>
    <ClCompile Include="..\Private\DInputManager.cpp">
      <Filter>Device\Input</Filter>
    </ClCompile>
    <ClCompile Include="..\Private\GraphicDevice.cpp">
      <Filter>Device\Graphic</Filter>
    </ClCompile>
    <ClCompile Include="..\Private\Resource.cpp">
      <Filter>Resource</Filter>
    </ClCompile>
    <ClCompile Include="..\Private\ResDynamicTexture2D.cpp">
      <Filter>Resource\Texture</Filter>
    </ClCompile>
    <ClCompile Include="..\Private\ResFmodSound.cpp">
      <Filter>Resource\FmodSound</Filter>
    </ClCompile>
    <ClCompile Include="..\Private\ResFont.cpp">
      <Filter>Resource\Font</Filter>
    </ClCompile>
    <ClCompile Include="..\Private\ResFontCustom.cpp">
      <Filter>Resource\Font</Filter>
    </ClCompile>
    <ClCompile Include="..\Private\ResJson.cpp">
      <Filter>Resource\Json</Filter>
    </ClCompile>
    <ClCompile Include="..\Private\ResOffscreenTexture.cpp">
      <Filter>Resource\Texture</Filter>
    </ClCompile>
    <ClCompile Include="..\Private\ResourceManager.cpp">
      <Filter>Resource\Manager</Filter>
    </ClCompile>
    <ClCompile Include="..\Private\ResShader.cpp">
      <Filter>Resource\Shader</Filter>
    </ClCompile>
    <ClCompile Include="..\Private\ResTexture.cpp">
      <Filter>Resource\Texture</Filter>
    </ClCompile>
    <ClCompile Include="..\Private\ResTexture2D.cpp">
      <Filter>Resource\Texture</Filter>
    </ClCompile>
    <ClCompile Include="..\Private\ResTexture2DArray.cpp">
      <Filter>Resource\Texture</Filter>
    </ClCompile>
    <ClCompile Include="..\Private\ResTextureCubeMap.cpp">
      <Filter>Resource\Texture</Filter>
    </ClCompile>
    <ClCompile Include="..\Private\ResViewPort.cpp">
      <Filter>Resource\ViewPort</Filter>
    </ClCompile>
    <ClCompile Include="..\Private\ResCBuffer.cpp">
      <Filter>Resource\Buffer\ConstBuffer</Filter>
    </ClCompile>
    <ClCompile Include="..\Private\ResVIBuffer.cpp">
      <Filter>Resource\Buffer\VIBuffer</Filter>
    </ClCompile>
    <ClCompile Include="..\Private\ResBlendState.cpp">
      <Filter>Resource\State\Blend</Filter>
    </ClCompile>
    <ClCompile Include="..\Private\ResDepthStencilState.cpp">
      <Filter>Resource\State\DepthStencil</Filter>
    </ClCompile>
    <ClCompile Include="..\Private\ResRasterizerState.cpp">
      <Filter>Resource\State\Rasterizer</Filter>
    </ClCompile>
    <ClCompile Include="..\Private\ResSamplerState.cpp">
      <Filter>Resource\State\Sampler</Filter>
    </ClCompile>
    <ClCompile Include="..\Private\ResComputeShader.cpp">
      <Filter>Resource\Shader\Compute</Filter>
    </ClCompile>
    <ClCompile Include="..\Private\ResGeometryShader.cpp">
      <Filter>Resource\Shader\Geometry</Filter>
    </ClCompile>
    <ClCompile Include="..\Private\ResPixelShader.cpp">
      <Filter>Resource\Shader\Pixel</Filter>
    </ClCompile>
    <ClCompile Include="..\Private\ResGeoShaderStreamOut.cpp">
      <Filter>Resource\Shader\GeometryStreamOut</Filter>
    </ClCompile>
    <ClCompile Include="..\Private\ResTessDomainShader.cpp">
      <Filter>Resource\Shader\TessDomain</Filter>
    </ClCompile>
    <ClCompile Include="..\Private\ResTessHullShader.cpp">
      <Filter>Resource\Shader\TessHull</Filter>
    </ClCompile>
    <ClCompile Include="..\Private\ResVertexShader.cpp">
      <Filter>Resource\Shader\Vertex</Filter>
    </ClCompile>
    <ClCompile Include="..\Private\ResDynamicBuffer.cpp">
      <Filter>Resource\Buffer\DynamicBuffer</Filter>
    </ClCompile>
    <ClCompile Include="..\Private\ResDynamicVIBuffer.cpp">
      <Filter>Resource\Buffer\VIBuffer\DynamicVIBuffer</Filter>
    </ClCompile>
    <ClCompile Include="..\Private\ResQuadBuffer.cpp">
      <Filter>Resource\Buffer\VIBuffer\Quad</Filter>
    </ClCompile>
    <ClCompile Include="..\Private\ResQuadColBuffer.cpp">
      <Filter>Resource\Buffer\VIBuffer\Quad</Filter>
    </ClCompile>
    <ClCompile Include="..\Private\ResQuadFullscreenTexBuffer.cpp">
      <Filter>Resource\Buffer\VIBuffer\Quad</Filter>
    </ClCompile>
    <ClCompile Include="..\Private\ResQuadTexBuffer.cpp">
      <Filter>Resource\Buffer\VIBuffer\Quad</Filter>
    </ClCompile>
    <ClCompile Include="..\Private\ResCubeBuffer.cpp">
      <Filter>Resource\Buffer\VIBuffer\Cube</Filter>
    </ClCompile>
    <ClCompile Include="..\Private\ResCubeColBuffer.cpp">
      <Filter>Resource\Buffer\VIBuffer\Cube</Filter>
    </ClCompile>
    <ClCompile Include="..\Private\SoundManager.cpp">
      <Filter>Sound</Filter>
    </ClCompile>
    <ClCompile Include="..\Private\FontManager.cpp">
      <Filter>Font</Filter>
    </ClCompile>
    <ClCompile Include="..\Private\WorkerManager.cpp">
      <Filter>Worker</Filter>
    </ClCompile>
    <ClCompile Include="..\Private\Prototype.cpp">
      <Filter>Prototype</Filter>
    </ClCompile>
    <ClCompile Include="..\Private\PrototypeManager.cpp">
      <Filter>Prototype</Filter>
    </ClCompile>
    <ClCompile Include="..\Private\Component.cpp">
      <Filter>Component</Filter>
    </ClCompile>
    <ClCompile Include="..\Private\ComTransform.cpp">
      <Filter>Component\Transform</Filter>
    </ClCompile>
    <ClCompile Include="..\Private\ComCollider.cpp">
      <Filter>Component\Collider</Filter>
    </ClCompile>
    <ClCompile Include="..\Private\ComConstantBuffer.cpp">
      <Filter>Component\ConstantBuffer</Filter>
    </ClCompile>
    <ClCompile Include="..\Private\GameObject.cpp">
      <Filter>GameObject</Filter>
    </ClCompile>
    <ClCompile Include="..\Private\Collider.cpp">
      <Filter>Collider</Filter>
    </ClCompile>
    <ClCompile Include="..\Private\CollBox.cpp">
      <Filter>Collider\Box</Filter>
    </ClCompile>
    <ClCompile Include="..\Private\CollFrustum.cpp">
      <Filter>Collider\Frustum</Filter>
    </ClCompile>
    <ClCompile Include="..\Private\ColliderManager.cpp">
      <Filter>Collider\Manager</Filter>
    </ClCompile>
    <ClCompile Include="..\Private\CollOrientedBox.cpp">
      <Filter>Collider\OrientedBox</Filter>
    </ClCompile>
    <ClCompile Include="..\Private\CollSphere.cpp">
      <Filter>Collider\Sphere</Filter>
    </ClCompile>
    <ClCompile Include="..\Private\GameObjectManager.cpp">
      <Filter>GameObject\Manager</Filter>
    </ClCompile>
    <ClCompile Include="..\Private\CameraObject.cpp">
      <Filter>GameObject\Camera</Filter>
    </ClCompile>
    <ClCompile Include="..\Private\CameraManager.cpp">
      <Filter>GameObject\Camera\Manager</Filter>
    </ClCompile>
    <ClCompile Include="..\Private\UIObject.cpp">
      <Filter>GameObject\UI</Filter>
    </ClCompile>
    <ClCompile Include="..\Private\FlyCamera.cpp">
      <Filter>GameObject\Camera\FlyCamera</Filter>
    </ClCompile>
    <ClCompile Include="..\Private\Renderer.cpp">
      <Filter>Renderer</Filter>
    </ClCompile>
    <ClCompile Include="..\Private\UICamera.cpp">
      <Filter>GameObject\Camera\UICamera</Filter>
    </ClCompile>
    <ClCompile Include="..\private\ParticleManager.cpp">
      <Filter>Particle\Manager</Filter>
    </ClCompile>
    <ClCompile Include="..\private\ResStructuredBuffer.cpp">
      <Filter>Resource\Buffer\StructuredBuffer</Filter>
    </ClCompile>
    <ClCompile Include="..\Private\ResModel.cpp">
      <Filter>Resource\Model</Filter>
    </ClCompile>
    <ClCompile Include="..\Private\ResTestModel.cpp">
      <Filter>Resource\TestModel</Filter>
    </ClCompile>
    <ClCompile Include="..\Private\ResTestModelMesh.cpp">
      <Filter>Resource\TestModel\Mesh</Filter>
    </ClCompile>
    <ClCompile Include="..\Private\ResTestModelBone.cpp">
      <Filter>Resource\TestModel\Bone</Filter>
    </ClCompile>
    <ClCompile Include="..\Private\ResTestModelAnim.cpp">
      <Filter>Resource\TestModel\Animation</Filter>
    </ClCompile>
    <ClCompile Include="..\Private\ResTestModelChanel.cpp">
      <Filter>Resource\TestModel\Animation\Chanel</Filter>
    </ClCompile>
    <ClCompile Include="..\Private\ResTestModelMaterial.cpp">
      <Filter>Resource\TestModel\Material</Filter>
    </ClCompile>
    <ClCompile Include="..\Private\ShaderManager.cpp">
      <Filter>ShaderManager</Filter>
    </ClCompile>
    <ClCompile Include="..\..\ThirdParty\tracy-0.13.1\public\TracyClient.cpp">
      <Filter>Tracy</Filter>
    </ClCompile>
    <ClCompile Include="..\Private\ComAnimator.cpp">
      <Filter>Component\Model\ComAnimator</Filter>
    </ClCompile>
    <ClCompile Include="..\Private\ComAnimMontage.cpp">
      <Filter>Component\Model\ComAnimMontage</Filter>
    </ClCompile>
    <ClCompile Include="..\Private\AnimEdit_Manager.cpp">
      <Filter>AnimationEditor</Filter>
    </ClCompile>
    <ClCompile Include="..\..\ThirdParty\imgui-node-editor-0.9.3\crude_json.cpp">
      <Filter>ImGui\imguiNode</Filter>
    </ClCompile>
    <ClCompile Include="..\..\ThirdParty\imgui-node-editor-0.9.3\imgui_canvas.cpp">
      <Filter>ImGui\imguiNode</Filter>
    </ClCompile>
    <ClCompile Include="..\..\ThirdParty\imgui-node-editor-0.9.3\imgui_node_editor.cpp">
      <Filter>ImGui\imguiNode</Filter>
    </ClCompile>
    <ClCompile Include="..\..\ThirdParty\imgui-node-editor-0.9.3\imgui_node_editor_api.cpp">
      <Filter>ImGui\imguiNode</Filter>
    </ClCompile>
    <ClCompile Include="..\..\ThirdParty\imgui-1.83\imgui_impl_dx11.cpp">
      <Filter>ImGui\imgui</Filter>
    </ClCompile>
    <ClCompile Include="..\..\ThirdParty\imgui-1.83\imgui_impl_win32.cpp">
      <Filter>ImGui\imgui</Filter>
    </ClCompile>
    <ClCompile Include="..\..\ThirdParty\imgui-1.83\imgui_tables.cpp">
      <Filter>ImGui\imgui</Filter>
    </ClCompile>
    <ClCompile Include="..\..\ThirdParty\imgui-1.83\imgui_widgets.cpp">
      <Filter>ImGui\imgui</Filter>
    </ClCompile>
    <ClCompile Include="..\..\ThirdParty\imgui-1.83\imgui_demo.cpp">
      <Filter>ImGui\imgui</Filter>
    </ClCompile>
    <ClCompile Include="..\..\ThirdParty\imgui-1.83\imgui_draw.cpp">
      <Filter>ImGui\imgui</Filter>
    </ClCompile>
    <ClCompile Include="..\..\ThirdParty\imgui-1.83\imgui.cpp">
      <Filter>ImGui\imgui</Filter>
    </ClCompile>
    <ClCompile Include="..\Private\LightManager.cpp">
      <Filter>GameObject\Light\LightManager</Filter>
    </ClCompile>
    <ClCompile Include="..\Private\Light.cpp">
      <Filter>GameObject\Light\Light</Filter>
    </ClCompile>
    <ClCompile Include="..\Private\ComModelInstance.cpp">
      <Filter>Component\Model\ComModelInstance</Filter>
    </ClCompile>
    <ClCompile Include="..\Private\NodeEditor.cpp">
      <Filter>Component\BeHavior\NodeEditor</Filter>
    </ClCompile>
    <ClCompile Include="..\private\MyGFSDK_SSAO.cpp">
      <Filter>Renderer\MyGFSDK_SSAO</Filter>
    </ClCompile>
    <ClCompile Include="..\Private\MapMeshObject.cpp">
      <Filter>GameObject\MapMeshObject</Filter>
    </ClCompile>
    <ClCompile Include="..\Private\MapManager.cpp">
      <Filter>GameObject\Manager</Filter>
    </ClCompile>
  </ItemGroup>
  <ItemGroup>
    <ClCompile Include="..\private\BTSecqunce.cpp">
      <Filter>Component\BeHavior\Root\Composite\CompositeNode</Filter>
    </ClCompile>
    <ClCompile Include="..\private\BTSelector.cpp">
      <Filter>Component\BeHavior\Root\Composite\CompositeNode</Filter>
    </ClCompile>
    <ClCompile Include="..\private\ComBeHavior.cpp">
      <Filter>Component\BeHavior</Filter>
    </ClCompile>
    <ClCompile Include="..\private\BTRoot.cpp">
      <Filter>Component\BeHavior\Root</Filter>
    </ClCompile>
    <ClCompile Include="..\Private\BTComposite.cpp">
      <Filter>Component\BeHavior\Root\Composite</Filter>
    </ClCompile>
    <ClCompile Include="..\Private\BTActionNode.cpp">
      <Filter>Component\BeHavior\Root\Composite\CompositeNode\ActionNode</Filter>
    </ClCompile>
    <ClCompile Include="..\Private\UIManager.cpp">
      <Filter>GameObject\UI\UITool</Filter>
    </ClCompile>
  </ItemGroup>
  <ItemGroup>
    <FxCompile Include="..\ShaderFiles\ShaderDefines.hlsl">
      <Filter>ShaderFiles</Filter>
    </FxCompile>
    <FxCompile Include="..\ShaderFiles\Shader_Deferred_Combined_Offscreen.hlsl">
      <Filter>ShaderFiles</Filter>
    </FxCompile>
    <FxCompile Include="..\ShaderFiles\FullscreenQuad\FullscreenQuad.hlsl">
      <Filter>ShaderFiles</Filter>
    </FxCompile>
    <FxCompile Include="..\ShaderFiles\PBR\VS_PBR.hlsl">
      <Filter>ShaderFiles\PBR</Filter>
    </FxCompile>
    <FxCompile Include="..\ShaderFiles\PBR\PS_PBR.hlsl">
      <Filter>ShaderFiles\PBR</Filter>
    </FxCompile>
    <FxCompile Include="..\ShaderFiles\ShaderDefines.hlsl">
      <Filter>ShaderFiles\ShaderHeader</Filter>
    </FxCompile>
    <FxCompile Include="..\ShaderFiles\PostProcess\PS_PostProcess_Filter.hlsl">
      <Filter>ShaderFiles\PostProcess</Filter>
    </FxCompile>
    <FxCompile Include="..\ShaderFiles\Deferred Rendering\VS_Deferred.hlsl">
      <Filter>ShaderFiles\DeferredRendering</Filter>
    </FxCompile>
    <FxCompile Include="..\ShaderFiles\TestModel\Shader_VtxMesh.hlsl">
      <Filter>ShaderFiles\TestModel</Filter>
    </FxCompile>
    <FxCompile Include="..\ShaderFiles\TestModel\Shader_VtxAnimMesh.hlsl">
      <Filter>ShaderFiles\TestModel</Filter>
    </FxCompile>
  </ItemGroup>
  <ItemGroup>
    <None Include="..\ShaderFiles\ShaderHeader\SH_SamplerState.hlsli">
      <Filter>ShaderFiles\ShaderHeader</Filter>
    </None>
  </ItemGroup>
</Project>