<?xml version="1.0" encoding="utf-8"?>
<Project ToolsVersion="4.0" xmlns="http://schemas.microsoft.com/developer/msbuild/2003">
  <ItemGroup>
    <ClCompile Include="main.cpp" />
    <ClCompile Include="Importer.cpp">
      <Filter>Importer</Filter>
    </ClCompile>
    <ClCompile Include="Bone.cpp">
      <Filter>Bone</Filter>
    </ClCompile>
    <ClCompile Include="Mesh.cpp">
      <Filter>Mesh</Filter>
    </ClCompile>
    <ClCompile Include="Animation.cpp">
      <Filter>Animation</Filter>
    </ClCompile>
    <ClCompile Include="Material.cpp">
      <Filter>Material</Filter>
    </ClCompile>
  </ItemGroup>
  <ItemGroup>
    <Filter Include="Importer">
      <UniqueIdentifier>{6470ca87-8ae8-4122-b84c-e6e09e9406d2}</UniqueIdentifier>
    </Filter>
    <Filter Include="Bone">
      <UniqueIdentifier>{46f88caf-df0b-4d47-95b5-ea9e7eb3da8d}</UniqueIdentifier>
    </Filter>
    <Filter Include="Mesh">
      <UniqueIdentifier>{d4b5fb62-896d-4669-a593-c41e960a178d}</UniqueIdentifier>
    </Filter>
    <Filter Include="Animation">
      <UniqueIdentifier>{23359fd2-e4de-44eb-95f4-6f2de99ede0d}</UniqueIdentifier>
    </Filter>
    <Filter Include="Material">
      <UniqueIdentifier>{f6a5afd2-bfb2-40d7-bdfb-0ef9da288e49}</UniqueIdentifier>
    </Filter>
  </ItemGroup>
  <ItemGroup>
    <ClInclude Include="Importer.h">
      <Filter>Importer</Filter>
    </ClInclude>
    <ClInclude Include="pch.h" />
    <ClInclude Include="Bone.h">
      <Filter>Bone</Filter>
    </ClInclude>
    <ClInclude Include="Mesh.h">
      <Filter>Mesh</Filter>
    </ClInclude>
    <ClInclude Include="Animation.h">
      <Filter>Animation</Filter>
    </ClInclude>
    <ClInclude Include="Material.h">
      <Filter>Material</Filter>
    </ClInclude>
  </ItemGroup>
</Project>