<?xml version="1.0" encoding="utf-8"?>
<Project ToolsVersion="4.0" xmlns="http://schemas.microsoft.com/developer/msbuild/2003">
  <ItemGroup>
    <Filter Include="99.Defines">
      <UniqueIdentifier>{7bb5154b-9988-40b7-91dc-793004b40264}</UniqueIdentifier>
    </Filter>
    <Filter Include="98.Default">
      <UniqueIdentifier>{b43894ad-9760-4713-8a91-8ce190eeda11}</UniqueIdentifier>
    </Filter>
    <Filter Include="MainApp">
      <UniqueIdentifier>{b554c0b2-8d51-4d48-bfd3-8407458b89e8}</UniqueIdentifier>
    </Filter>
    <Filter Include="Level">
      <UniqueIdentifier>{60b944a5-1f0b-4b64-bcf3-732ba1f035ef}</UniqueIdentifier>
    </Filter>
    <Filter Include="Level\Loading">
      <UniqueIdentifier>{d02df41b-99b4-43ce-81be-321f11ac2463}</UniqueIdentifier>
    </Filter>
    <Filter Include="Level\Logo">
      <UniqueIdentifier>{02f89ff0-6cf8-47dd-a54a-513b936720da}</UniqueIdentifier>
    </Filter>
    <Filter Include="GameObject">
      <UniqueIdentifier>{681ddb32-814e-4ec7-b4bc-8a9bd6be4c8e}</UniqueIdentifier>
    </Filter>
    <Filter Include="GameObject\BackGround">
      <UniqueIdentifier>{15eddfb1-d987-49ac-82be-bfbf83665119}</UniqueIdentifier>
    </Filter>
    <Filter Include="Loader">
      <UniqueIdentifier>{d2e546e7-0ff2-4c81-95f1-3544ce454ba0}</UniqueIdentifier>
    </Filter>
    <Filter Include="Loader\MainApp">
      <UniqueIdentifier>{63ff0f8a-3fda-49d1-8c0a-f4dd543b8b5c}</UniqueIdentifier>
    </Filter>
    <Filter Include="Loader\Level">
      <UniqueIdentifier>{33a60ce7-2ce6-4ab6-a142-d5a88bbd9dda}</UniqueIdentifier>
    </Filter>
    <Filter Include="Loader\Level\Logo">
      <UniqueIdentifier>{7e9f7d17-14d6-4c04-adaf-777151b4c6b4}</UniqueIdentifier>
    </Filter>
    <Filter Include="LuaFiles">
      <UniqueIdentifier>{b4064650-231e-4716-9e83-871a50b3ff8f}</UniqueIdentifier>
    </Filter>
    <Filter Include="ShaderFiles">
      <UniqueIdentifier>{6bd28087-0add-401b-9153-94d4f64a07f1}</UniqueIdentifier>
    </Filter>
    <Filter Include="Resources">
      <UniqueIdentifier>{ea673d2d-2797-484e-8c21-2bc2a74e811d}</UniqueIdentifier>
    </Filter>
    <Filter Include="Level\CharlesRookwood">
      <UniqueIdentifier>{7facda9e-60d6-4cfe-b47c-0708369e1fd0}</UniqueIdentifier>
    </Filter>
    <Filter Include="Loader\Level\CharlesRookwood">
      <UniqueIdentifier>{1d100ce6-9a11-43e7-95c8-4e2e46e144f9}</UniqueIdentifier>
    </Filter>
    <Filter Include="Level\BossCharlesRookwood">
      <UniqueIdentifier>{37b08c28-9d3d-4f84-af81-2cd8f61ac26c}</UniqueIdentifier>
    </Filter>
    <Filter Include="Loader\Level\BossCharlesRookwood">
      <UniqueIdentifier>{135bdbd6-2572-49c2-9ed7-a4bfc53cfd5c}</UniqueIdentifier>
    </Filter>
    <Filter Include="GameObject\DebugPlayer">
      <UniqueIdentifier>{18bf3c9f-aaf9-4b4c-8f7d-28b960f8e56a}</UniqueIdentifier>
    </Filter>
    <Filter Include="GameObject\Player">
      <UniqueIdentifier>{0da9ac46-8ea4-464b-b315-14e07602156b}</UniqueIdentifier>
    </Filter>
    <Filter Include="GameObject\Player\Camera">
      <UniqueIdentifier>{55124923-21d1-43da-b832-baff07fdefc6}</UniqueIdentifier>
    </Filter>
    <Filter Include="GameObject\Player\StateMachine">
      <UniqueIdentifier>{0c382f62-6f66-469f-a311-7b79bb8775d1}</UniqueIdentifier>
    </Filter>
    <Filter Include="GameObject\Player\StateMachine\State">
      <UniqueIdentifier>{d9117423-2851-4ff2-8aa0-f96c1b8f260a}</UniqueIdentifier>
    </Filter>
    <Filter Include="GameObject\Player\StateMachine\State\Player_Locomotion_State">
      <UniqueIdentifier>{232233f9-be49-49ae-b9af-884605ffdcad}</UniqueIdentifier>
    </Filter>
    <Filter Include="GameObject\Player\StateMachine\State\Player_Roll_State">
      <UniqueIdentifier>{9a4caa44-f46e-447a-8a58-58c13ec27b7d}</UniqueIdentifier>
    </Filter>
    <Filter Include="GameObject\Player\StateMachine\State\Player_Jump_State">
      <UniqueIdentifier>{b59d7a74-342c-40ce-9e58-85ae8e0d40cc}</UniqueIdentifier>
    </Filter>
    <Filter Include="GameObject\CharlesRookwood">
      <UniqueIdentifier>{01ef8f57-61c2-45c7-a0f1-db9fb3e8d9a4}</UniqueIdentifier>
    </Filter>
    <Filter Include="GameObject\CharlesRookwood\Trigger">
      <UniqueIdentifier>{83e632ef-a5bb-4406-876d-0a8b177adbdf}</UniqueIdentifier>
    </Filter>
    <Filter Include="GameObject\CharlesRookwood\MyMagicSquareStep">
      <UniqueIdentifier>{ac16d04c-4937-40fe-a72e-ce43e2401ba5}</UniqueIdentifier>
    </Filter>
    <Filter Include="GameObject\Bridge">
      <UniqueIdentifier>{451893ab-e6f2-4e4c-8948-178bfb126954}</UniqueIdentifier>
    </Filter>
    <Filter Include="GameObject\CharlesRookwood\Trigger\Step1">
      <UniqueIdentifier>{3887515f-08e3-4aee-9787-367ff6c2b400}</UniqueIdentifier>
    </Filter>
    <Filter Include="GameObject\CharlesRookwood\Trigger\Step2">
      <UniqueIdentifier>{ea370966-7ab1-4b96-849e-2b7e5c04f2cb}</UniqueIdentifier>
    </Filter>
    <Filter Include="GameObject\CharlesRookwood\Trigger\Step3">
      <UniqueIdentifier>{ddb7f984-1332-476f-8159-5f0a142db46b}</UniqueIdentifier>
    </Filter>
    <Filter Include="GameObject\CharlesRookwood\Trigger\Step4">
      <UniqueIdentifier>{68f98105-b08b-43a5-a54f-ff1fb4a7d32a}</UniqueIdentifier>
    </Filter>
  </ItemGroup>
  <ItemGroup>
    <ClInclude Include="Client.h">
      <Filter>98.Default</Filter>
    </ClInclude>
    <ClInclude Include="framework.h">
      <Filter>98.Default</Filter>
    </ClInclude>
    <ClInclude Include="Resource.h">
      <Filter>98.Default</Filter>
    </ClInclude>
    <ClInclude Include="targetver.h">
      <Filter>98.Default</Filter>
    </ClInclude>
    <ClInclude Include="pch.h">
      <Filter>98.Default</Filter>
    </ClInclude>
    <ClInclude Include="..\Public\Client_Defines.h">
      <Filter>99.Defines</Filter>
    </ClInclude>
    <ClInclude Include="..\Public\Level_Defines.h">
      <Filter>99.Defines</Filter>
    </ClInclude>
    <ClInclude Include="..\Public\MainApp.h">
      <Filter>MainApp</Filter>
    </ClInclude>
    <ClInclude Include="..\Public\LevelLoading.h">
      <Filter>Level\Loading</Filter>
    </ClInclude>
    <ClInclude Include="..\Public\LevelLogo.h">
      <Filter>Level\Logo</Filter>
    </ClInclude>
    <ClInclude Include="..\Public\BackGround.h">
      <Filter>GameObject\BackGround</Filter>
    </ClInclude>
    <ClInclude Include="..\public\LevelLogoLoader.h">
      <Filter>Loader\Level\Logo</Filter>
    </ClInclude>
    <ClInclude Include="..\public\MainAppLoader.h">
      <Filter>Loader\MainApp</Filter>
    </ClInclude>
    <ClInclude Include="..\public\LevelCharlesRookwood.h">
      <Filter>Level\CharlesRookwood</Filter>
    </ClInclude>
    <ClInclude Include="..\public\LevelCharlesRookwoodLoader.h">
      <Filter>Loader\Level\CharlesRookwood</Filter>
    </ClInclude>
    <ClInclude Include="..\Public\Client_Resources.h">
      <Filter>Resources</Filter>
    </ClInclude>
    <ClInclude Include="..\public\LevelBossCharlesRookwood.h">
      <Filter>Level\BossCharlesRookwood</Filter>
    </ClInclude>
    <ClInclude Include="..\public\LevelBossCharlesRookwoodLoader.h">
      <Filter>Loader\Level\BossCharlesRookwood</Filter>
    </ClInclude>
    <ClInclude Include="..\Public\Client_Function.h">
      <Filter>99.Defines</Filter>
    </ClInclude>
    <ClInclude Include="..\public\DebugPlayer.h">
      <Filter>GameObject\DebugPlayer</Filter>
    </ClInclude>
    <ClInclude Include="..\public\DebugPlayerThirdPersonCamera.h">
      <Filter>GameObject\DebugPlayer</Filter>
    </ClInclude>
    <ClInclude Include="..\Public\Player.h">
      <Filter>GameObject\Player</Filter>
    </ClInclude>
    <ClInclude Include="..\Public\PlayerThirdPersonCamera.h">
      <Filter>GameObject\Player\Camera</Filter>
    </ClInclude>
    <ClInclude Include="..\Public\Player_StateMachine.h">
      <Filter>GameObject\Player\StateMachine</Filter>
    </ClInclude>
    <ClInclude Include="..\Public\Player_Locomotion_State.h">
      <Filter>GameObject\Player\StateMachine\State\Player_Locomotion_State</Filter>
    </ClInclude>
    <ClInclude Include="..\Public\Player_Roll_State.h">
      <Filter>GameObject\Player\StateMachine\State\Player_Roll_State</Filter>
    </ClInclude>
    <ClInclude Include="..\Public\Player_Jump_State.h">
      <Filter>GameObject\Player\StateMachine\State\Player_Jump_State</Filter>
    </ClInclude>
    <ClInclude Include="..\public\MyMagicSquareStep.h">
      <Filter>GameObject\CharlesRookwood\MyMagicSquareStep</Filter>
    </ClInclude>
    <ClInclude Include="..\public\MyMagicSquareStepController.h">
      <Filter>GameObject\CharlesRookwood\MyMagicSquareStep</Filter>
    </ClInclude>
    <ClInclude Include="..\Public\BridgeCRW.h">
      <Filter>GameObject\Bridge</Filter>
    </ClInclude>
    <ClInclude Include="..\public\TriggerCRW_DeSpawnStep.h">
      <Filter>GameObject\CharlesRookwood\Trigger\Step1</Filter>
    </ClInclude>
    <ClInclude Include="..\public\TriggerCRW_StairStep.h">
      <Filter>GameObject\CharlesRookwood\Trigger\Step1</Filter>
    </ClInclude>
    <ClInclude Include="..\public\TriggerCRW_DeSpawnStep2.h">
      <Filter>GameObject\CharlesRookwood\Trigger\Step2</Filter>
    </ClInclude>
    <ClInclude Include="..\public\TriggerCRW_SpawnStep2.h">
      <Filter>GameObject\CharlesRookwood\Trigger\Step2</Filter>
    </ClInclude>
    <ClInclude Include="..\public\TriggerCRW_SpawnStep3.h">
      <Filter>GameObject\CharlesRookwood\Trigger\Step3</Filter>
    </ClInclude>
    <ClInclude Include="..\public\TriggerCRW_SpawnStep4.h">
      <Filter>GameObject\CharlesRookwood\Trigger\Step4</Filter>
    </ClInclude>
    <ClInclude Include="..\public\TriggerCRW_DeSpawnStep3.h">
      <Filter>GameObject\CharlesRookwood\Trigger\Step3</Filter>
    </ClInclude>
    <ClInclude Include="..\public\TriggerCRW_DeSpawnStep4.h">
      <Filter>GameObject\CharlesRookwood\Trigger\Step4</Filter>
    </ClInclude>
    <ClInclude Include="..\Public\TriggerCRW_SpawnStep.h">
      <Filter>GameObject\CharlesRookwood\Trigger\Step1</Filter>
    </ClInclude>
  </ItemGroup>
  <ItemGroup>
    <Image Include="Client.ico">
      <Filter>98.Default</Filter>
    </Image>
    <Image Include="small.ico">
      <Filter>98.Default</Filter>
    </Image>
  </ItemGroup>
  <ItemGroup>
    <ResourceCompile Include="Client.rc">
      <Filter>98.Default</Filter>
    </ResourceCompile>
  </ItemGroup>
  <ItemGroup>
    <ClCompile Include="Client.cpp">
      <Filter>98.Default</Filter>
    </ClCompile>
    <ClCompile Include="pch.cpp">
      <Filter>98.Default</Filter>
    </ClCompile>
    <ClCompile Include="..\Private\MainApp.cpp">
      <Filter>MainApp</Filter>
    </ClCompile>
    <ClCompile Include="..\Private\LevelLoading.cpp">
      <Filter>Level\Loading</Filter>
    </ClCompile>
    <ClCompile Include="..\Private\LevelLogo.cpp">
      <Filter>Level\Logo</Filter>
    </ClCompile>
    <ClCompile Include="..\Private\BackGround.cpp">
      <Filter>GameObject\BackGround</Filter>
    </ClCompile>
    <ClCompile Include="..\private\LevelLogoLoader.cpp">
      <Filter>Loader\Level\Logo</Filter>
    </ClCompile>
    <ClCompile Include="..\private\MainAppLoader.cpp">
      <Filter>Loader\MainApp</Filter>
    </ClCompile>
    <ClCompile Include="..\private\LevelCharlesRookwood.cpp">
      <Filter>Level\CharlesRookwood</Filter>
    </ClCompile>
    <ClCompile Include="..\private\LevelCharlesRookwoodLoader.cpp">
      <Filter>Loader\Level\CharlesRookwood</Filter>
    </ClCompile>
    <ClCompile Include="..\private\LevelBossCharlesRookwood.cpp">
      <Filter>Level\BossCharlesRookwood</Filter>
    </ClCompile>
    <ClCompile Include="..\private\LevelBossCharlesRookwoodLoader.cpp">
      <Filter>Loader\Level\BossCharlesRookwood</Filter>
    </ClCompile>
    <ClCompile Include="..\private\DebugPlayer.cpp">
      <Filter>GameObject\DebugPlayer</Filter>
    </ClCompile>
    <ClCompile Include="..\private\DebugPlayerThirdPersonCamera.cpp">
      <Filter>GameObject\DebugPlayer</Filter>
    </ClCompile>
    <ClCompile Include="..\Private\Player.cpp">
      <Filter>GameObject\Player</Filter>
    </ClCompile>
    <ClCompile Include="..\Private\PlayerThirdPersonCamera.cpp">
      <Filter>GameObject\Player\Camera</Filter>
    </ClCompile>
    <ClCompile Include="..\Private\Player_StateMachine.cpp">
      <Filter>GameObject\Player\StateMachine</Filter>
    </ClCompile>
    <ClCompile Include="..\Private\Player_Locomotion_State.cpp">
      <Filter>GameObject\Player\StateMachine\State\Player_Locomotion_State</Filter>
    </ClCompile>
    <ClCompile Include="..\Private\Player_Roll_State.cpp">
      <Filter>GameObject\Player\StateMachine\State\Player_Roll_State</Filter>
    </ClCompile>
    <ClCompile Include="..\Private\Player_Jump_State.cpp">
      <Filter>GameObject\Player\StateMachine\State\Player_Jump_State</Filter>
    </ClCompile>
    <ClCompile Include="..\private\MyMagicSquareStep.cpp">
      <Filter>GameObject\CharlesRookwood\MyMagicSquareStep</Filter>
    </ClCompile>
    <ClCompile Include="..\private\MyMagicSquareStepController.cpp">
      <Filter>GameObject\CharlesRookwood\MyMagicSquareStep</Filter>
    </ClCompile>
    <ClCompile Include="..\Private\BridgeCRW.cpp">
      <Filter>GameObject\Bridge</Filter>
    </ClCompile>
    <ClCompile Include="..\private\TriggerCRW_DeSpawnStep.cpp">
      <Filter>GameObject\CharlesRookwood\Trigger\Step1</Filter>
    </ClCompile>
    <ClCompile Include="..\private\TriggerCRW_StairStep.cpp">
      <Filter>GameObject\CharlesRookwood\Trigger\Step1</Filter>
    </ClCompile>
    <ClCompile Include="..\private\TriggerCRW_DeSpawnStep2.cpp">
      <Filter>GameObject\CharlesRookwood\Trigger\Step2</Filter>
    </ClCompile>
    <ClCompile Include="..\private\TriggerCRW_SpawnStep2.cpp">
      <Filter>GameObject\CharlesRookwood\Trigger\Step2</Filter>
    </ClCompile>
    <ClCompile Include="..\private\TriggerCRW_SpawnStep3.cpp">
      <Filter>GameObject\CharlesRookwood\Trigger\Step3</Filter>
    </ClCompile>
    <ClCompile Include="..\private\TriggerCRW_SpawnStep4.cpp">
      <Filter>GameObject\CharlesRookwood\Trigger\Step4</Filter>
    </ClCompile>
    <ClCompile Include="..\private\TriggerCRW_DeSpawnStep3.cpp">
      <Filter>GameObject\CharlesRookwood\Trigger\Step3</Filter>
    </ClCompile>
    <ClCompile Include="..\private\TriggerCRW_DeSpawnStep4.cpp">
      <Filter>GameObject\CharlesRookwood\Trigger\Step4</Filter>
    </ClCompile>
    <ClCompile Include="..\Private\TriggerCRW_SpawnStep.cpp">
      <Filter>GameObject\CharlesRookwood\Trigger\Step1</Filter>
    </ClCompile>
  </ItemGroup>
</Project>