<?xml version="1.0" encoding="utf-8"?>
<Project ToolsVersion="4.0" xmlns="http://schemas.microsoft.com/developer/msbuild/2003">
  <ItemGroup>
    <Filter Include="98.Default">
      <UniqueIdentifier>{5d1c42fb-8454-4b98-9676-a9a0ee5a36b5}</UniqueIdentifier>
    </Filter>
    <Filter Include="99.Defines">
      <UniqueIdentifier>{a244368f-3a25-4ded-865c-53d0f9b18698}</UniqueIdentifier>
    </Filter>
    <Filter Include="GameObject">
      <UniqueIdentifier>{3dc0c1d8-cc5e-43aa-968b-c177d5418826}</UniqueIdentifier>
    </Filter>
    <Filter Include="Level">
      <UniqueIdentifier>{b8152acc-83b8-4783-abe8-1406555c22ef}</UniqueIdentifier>
    </Filter>
    <Filter Include="MainApp">
      <UniqueIdentifier>{99a54153-9023-45de-a6b3-94ebef2ebf9d}</UniqueIdentifier>
    </Filter>
    <Filter Include="Resource">
      <UniqueIdentifier>{495a737e-964c-49de-afc9-a3872c4fb13e}</UniqueIdentifier>
    </Filter>
    <Filter Include="Level\Logo">
      <UniqueIdentifier>{b0ab3c35-6c61-4233-a5ce-0aac6fd25753}</UniqueIdentifier>
    </Filter>
    <Filter Include="Level\Loading">
      <UniqueIdentifier>{3c475e19-0885-477f-ba87-adbe759c4483}</UniqueIdentifier>
    </Filter>
    <Filter Include="Level\Playground">
      <UniqueIdentifier>{779d041a-2c8b-4d6c-8e8c-258f3d8e482a}</UniqueIdentifier>
    </Filter>
    <Filter Include="GameObject\BackGround">
      <UniqueIdentifier>{8ce28b08-2903-4259-9bbc-097f5cf7c773}</UniqueIdentifier>
    </Filter>
    <Filter Include="GameObject\Terrain">
      <UniqueIdentifier>{0b5749ea-64b5-41e5-93a1-dca026d8286b}</UniqueIdentifier>
    </Filter>
    <Filter Include="Resource\Buffer">
      <UniqueIdentifier>{314c6dc0-716a-40bc-b990-a48202075419}</UniqueIdentifier>
    </Filter>
    <Filter Include="GameObject\UI">
      <UniqueIdentifier>{38cf841e-101b-430d-880d-1fd220c36526}</UniqueIdentifier>
    </Filter>
    <Filter Include="Level\UiEditor">
      <UniqueIdentifier>{4dbab323-49ba-4254-9b54-55ad74f1e917}</UniqueIdentifier>
    </Filter>
    <Filter Include="GameObject\TestModel">
      <UniqueIdentifier>{82e6f5e6-d781-49af-b141-9ac4fb7e508a}</UniqueIdentifier>
    </Filter>
    <Filter Include="ShaderFiles">
      <UniqueIdentifier>{095b09c3-adbb-42a6-be96-c9e009c52131}</UniqueIdentifier>
    </Filter>
    <Filter Include="Level\AnimationEditor">
      <UniqueIdentifier>{d486366a-4131-4b07-a031-02013c347cf9}</UniqueIdentifier>
    </Filter>
    <Filter Include="GameObject\LightObject">
      <UniqueIdentifier>{98bcf28d-edd4-4704-8ce8-35b7fc63e936}</UniqueIdentifier>
    </Filter>
    <Filter Include="Level\LightMap">
      <UniqueIdentifier>{37b33ef4-4bec-4844-b162-9856de0a2ebc}</UniqueIdentifier>
    </Filter>
    <Filter Include="Level\Collider">
      <UniqueIdentifier>{5a89bb20-d6c0-4132-b958-1fe2d603c31e}</UniqueIdentifier>
    </Filter>
    <Filter Include="GameObject\TestCollider">
      <UniqueIdentifier>{98c5a8e4-2bf9-481e-a667-3fdc3b61dcef}</UniqueIdentifier>
    </Filter>
    <Filter Include="Particles">
      <UniqueIdentifier>{3d638817-0214-468d-ae71-fc1febda3bd9}</UniqueIdentifier>
    </Filter>
    <Filter Include="GameObject\TestModel\Anim">
      <UniqueIdentifier>{700db935-5561-42f9-9674-79d12cfa287c}</UniqueIdentifier>
    </Filter>
    <Filter Include="GameObject\TestModel\NonAnim">
      <UniqueIdentifier>{30ad92bc-cfdc-4eb6-bda6-bfee0401f606}</UniqueIdentifier>
    </Filter>
    <Filter Include="Level\PhysX">
      <UniqueIdentifier>{243ae7a2-41e9-4636-8c84-385d065d145d}</UniqueIdentifier>
    </Filter>
    <Filter Include="GameObject\TestPhysx">
      <UniqueIdentifier>{724fae78-f8d4-47c3-81bb-10356cc8d895}</UniqueIdentifier>
    </Filter>
    <Filter Include="GameObject\TestPhysx\Terrain">
      <UniqueIdentifier>{99e3d2a8-e90c-4ad3-b430-03c3773444d2}</UniqueIdentifier>
    </Filter>
    <Filter Include="GameObject\TestPhysx\Ball">
      <UniqueIdentifier>{d2e9dd97-180f-44f6-b8d6-b7ce9f47413a}</UniqueIdentifier>
    </Filter>
    <Filter Include="GameObject\TestPhysx\Box">
      <UniqueIdentifier>{41d927b4-d289-4d1e-8a17-29332f266fde}</UniqueIdentifier>
    </Filter>
    <Filter Include="GameObject\TestPhysx\Capsule">
      <UniqueIdentifier>{7b83671d-5cd1-4f24-8519-9695f9bf0a20}</UniqueIdentifier>
    </Filter>
    <Filter Include="GameObject\UI\TexUI">
      <UniqueIdentifier>{96c0555a-899c-43c8-b53f-8d8a0fff0b0e}</UniqueIdentifier>
    </Filter>
    <Filter Include="GameObject\UI\FilpBook">
      <UniqueIdentifier>{0857634d-6e20-458d-bd1e-e0b73c69a1d6}</UniqueIdentifier>
    </Filter>
    <Filter Include="GameObject\AI">
      <UniqueIdentifier>{b724b668-98a1-40fb-892d-e6e4c6169904}</UniqueIdentifier>
    </Filter>
    <Filter Include="GameObject\AI\BTAction">
      <UniqueIdentifier>{fee9e43f-c036-47ab-8d2d-97e6771ec8c4}</UniqueIdentifier>
    </Filter>
    <Filter Include="GameObject\AI\BTDecorator">
      <UniqueIdentifier>{0f051330-2786-432f-8a2c-59dcb645f58f}</UniqueIdentifier>
    </Filter>
    <Filter Include="GameObject\AI\Header">
      <UniqueIdentifier>{98fd5b71-cb07-4a23-88f0-80d1b6f6f076}</UniqueIdentifier>
    </Filter>
    <Filter Include="GameObject\UI\TextBox">
      <UniqueIdentifier>{e22f6b7b-6f6d-4105-8bc6-78361e7ef021}</UniqueIdentifier>
    </Filter>
    <Filter Include="GameObject\UI\Button">
      <UniqueIdentifier>{b95f98b8-dda0-492c-83ef-ee45acfd798b}</UniqueIdentifier>
    </Filter>
    <Filter Include="GameObject\AI\BTAction\Animation">
      <UniqueIdentifier>{0c92c0fc-4203-4f78-9eb9-2d20f0136749}</UniqueIdentifier>
    </Filter>
    <Filter Include="GameObject\AI\BTAction\Motion">
      <UniqueIdentifier>{38c8a81f-3437-4879-8896-b4e4554b4868}</UniqueIdentifier>
    </Filter>
    <Filter Include="GameObject\AI\BTAction\Flow">
      <UniqueIdentifier>{8a77751f-c453-4a14-aebf-b39ce0f10d61}</UniqueIdentifier>
    </Filter>
    <Filter Include="GameObject\AI\Weapon">
      <UniqueIdentifier>{50e39d0c-599b-4df9-ba40-d3d9e2609a76}</UniqueIdentifier>
    </Filter>
    <Filter Include="GameObject\TestModel\TestPartObject">
      <UniqueIdentifier>{934d84f5-eb14-48c0-b109-fe5108d69dea}</UniqueIdentifier>
    </Filter>
    <Filter Include="LuaFiles">
      <UniqueIdentifier>{e2e6d417-5abe-4793-a29c-05884c540114}</UniqueIdentifier>
    </Filter>
    <Filter Include="LuaFiles\ClientTest">
      <UniqueIdentifier>{93d4e033-315c-4287-99e0-69a37013f150}</UniqueIdentifier>
    </Filter>
    <Filter Include="GameObject\TestPhysx\TestCharacter">
      <UniqueIdentifier>{3cb1fd54-fa56-492c-b28e-6463c30a6f7d}</UniqueIdentifier>
    </Filter>
    <Filter Include="Loader">
      <UniqueIdentifier>{c8255284-90c7-4f8a-821f-03cb9cd94a69}</UniqueIdentifier>
    </Filter>
    <Filter Include="Loader\MainApp">
      <UniqueIdentifier>{65da9466-6a8c-4617-8822-10b3bf6693b9}</UniqueIdentifier>
    </Filter>
    <Filter Include="Loader\Level">
      <UniqueIdentifier>{c720357e-a721-4456-87f8-1b7656358094}</UniqueIdentifier>
    </Filter>
    <Filter Include="Loader\Level\Logo">
      <UniqueIdentifier>{ecc1ad1e-cd7b-48fa-bdab-11c27e7b6eb8}</UniqueIdentifier>
    </Filter>
    <Filter Include="Loader\Level\PhysX">
      <UniqueIdentifier>{40e6f9d6-50cf-4cdc-8b6d-a4c6b4265159}</UniqueIdentifier>
    </Filter>
    <Filter Include="Loader\Level\Collider">
      <UniqueIdentifier>{8796610b-99a8-4ba5-a276-28292e056fb3}</UniqueIdentifier>
    </Filter>
    <Filter Include="Loader\Level\UIEditor">
      <UniqueIdentifier>{2f9e16e6-e99a-4f0a-b3ff-f6899d11a981}</UniqueIdentifier>
    </Filter>
    <Filter Include="GameObject\UI\Spell">
      <UniqueIdentifier>{e46f670f-9eb8-4e4d-a6d8-f55d80303b0a}</UniqueIdentifier>
    </Filter>
    <Filter Include="Loader\Level\Animator">
      <UniqueIdentifier>{786efb8b-a2ea-4794-b5d1-dd573b1f691e}</UniqueIdentifier>
    </Filter>
    <Filter Include="Loader\Level\LightMap">
      <UniqueIdentifier>{9a676caf-9a8e-4a44-952d-5ffa5948d377}</UniqueIdentifier>
    </Filter>
    <Filter Include="GameObject\LightObject\LightTerrain">
      <UniqueIdentifier>{8c6ec420-6258-4dd1-afce-8e979f1663f2}</UniqueIdentifier>
    </Filter>
    <Filter Include="Level\CreatureEditor">
      <UniqueIdentifier>{fd3b4d25-d7bc-463f-ba6d-33c2854c81ec}</UniqueIdentifier>
    </Filter>
    <Filter Include="GameObject\TestPhysx\Trigger">
      <UniqueIdentifier>{22e50275-7e44-49fc-ad4c-c13395e27add}</UniqueIdentifier>
    </Filter>
    <Filter Include="Loader\Level\PlayGround">
      <UniqueIdentifier>{1f4a808a-15ad-47ac-8081-adaeb71e748c}</UniqueIdentifier>
    </Filter>
    <Filter Include="Loader\Level\Creature">
      <UniqueIdentifier>{edec8072-3519-4af3-8bcf-1b22e70c939a}</UniqueIdentifier>
    </Filter>
    <Filter Include="GameObject\Player">
      <UniqueIdentifier>{eda74fba-0f79-4b19-94df-44b8f95179d4}</UniqueIdentifier>
    </Filter>
    <Filter Include="GameObject\CreatureEditor">
      <UniqueIdentifier>{1d4d7a4d-fc58-4cb3-aab4-ddcfd06e9a82}</UniqueIdentifier>
    </Filter>
    <Filter Include="GameObject\Player\State_Machine">
      <UniqueIdentifier>{c609926e-37c5-4936-8ba5-557d8908222d}</UniqueIdentifier>
    </Filter>
    <Filter Include="GameObject\Player\State_Machine\State">
      <UniqueIdentifier>{7c1d55ed-8c30-442f-8215-484c79464f6a}</UniqueIdentifier>
    </Filter>
    <Filter Include="GameObject\Player\State_Machine\State\Player_Locomotion_State">
      <UniqueIdentifier>{4a57e848-ba38-4aee-9243-25d726690e1c}</UniqueIdentifier>
    </Filter>
    <Filter Include="GameObject\Player\State_Machine\State\Player_Roll_State">
      <UniqueIdentifier>{cd4295d0-20b6-47c4-8999-c3c14e366fe2}</UniqueIdentifier>
    </Filter>
    <Filter Include="GameObject\Player\State_Machine\State\Player_Attack_State">
      <UniqueIdentifier>{744d2c3b-3a91-4ad0-bab7-167013073757}</UniqueIdentifier>
    </Filter>
    <Filter Include="GameObject\Player\State_Machine\State\Player_Hit_State">
      <UniqueIdentifier>{a1b9c35f-c5c4-4ffb-b2d7-fba6658163d0}</UniqueIdentifier>
    </Filter>
    <Filter Include="GameObject\Player\State_Machine\State\Player_Dead_State">
      <UniqueIdentifier>{e4d8cd4e-a422-496a-998a-61a761dee66c}</UniqueIdentifier>
    </Filter>
  </ItemGroup>
  <ItemGroup>
    <ClInclude Include="framework.h">
      <Filter>98.Default</Filter>
    </ClInclude>
    <ClInclude Include="Resource.h">
      <Filter>98.Default</Filter>
    </ClInclude>
    <ClInclude Include="SampleClient.h">
      <Filter>98.Default</Filter>
    </ClInclude>
    <ClInclude Include="targetver.h">
      <Filter>98.Default</Filter>
    </ClInclude>
    <ClInclude Include="pch.h">
      <Filter>98.Default</Filter>
    </ClInclude>
    <ClInclude Include="..\Public\Level_Defines.h">
      <Filter>99.Defines</Filter>
    </ClInclude>
    <ClInclude Include="..\Public\Client_Defines.h">
      <Filter>99.Defines</Filter>
    </ClInclude>
    <ClInclude Include="..\Public\MainApp.h">
      <Filter>MainApp</Filter>
    </ClInclude>
    <ClInclude Include="..\Public\LevelLoading.h">
      <Filter>Level\Loading</Filter>
    </ClInclude>
    <ClInclude Include="..\Public\LevelLogo.h">
      <Filter>Level\Logo</Filter>
    </ClInclude>
    <ClInclude Include="..\public\LevelPlayground.h">
      <Filter>Level\Playground</Filter>
    </ClInclude>
    <ClInclude Include="..\Public\BackGround.h">
      <Filter>GameObject\BackGround</Filter>
    </ClInclude>
    <ClInclude Include="..\public\Terrain.h">
      <Filter>GameObject\Terrain</Filter>
    </ClInclude>
    <ClInclude Include="..\Public\Client_Resources.h">
      <Filter>Resource</Filter>
    </ClInclude>
    <ClInclude Include="..\public\ResTerrainVIBuffer.h">
      <Filter>Resource\Buffer</Filter>
    </ClInclude>
    <ClInclude Include="..\Public\TestModel.h">
      <Filter>GameObject\TestModel</Filter>
    </ClInclude>
    <ClInclude Include="..\public\TestGob.h">
      <Filter>GameObject\AI</Filter>
    </ClInclude>
    <ClInclude Include="..\Public\LevelUIEditor.h">
      <Filter>Level\UiEditor</Filter>
    </ClInclude>
    <ClInclude Include="..\Public\LevelAnimEditor.h">
      <Filter>Level\AnimationEditor</Filter>
    </ClInclude>
    <ClInclude Include="..\Public\LevelLightMap.h">
      <Filter>Level\LightMap</Filter>
    </ClInclude>
    <ClInclude Include="..\Public\LightObject.h">
      <Filter>GameObject\LightObject</Filter>
    </ClInclude>
    <ClInclude Include="..\public\LevelCollider.h">
      <Filter>Level\Collider</Filter>
    </ClInclude>
    <ClInclude Include="..\public\TestCollider.h">
      <Filter>GameObject\TestCollider</Filter>
    </ClInclude>
    <ClInclude Include="..\public\LevelPhysX.h">
      <Filter>Level\PhysX</Filter>
    </ClInclude>
    <ClInclude Include="..\public\TestPhysX.h">
      <Filter>GameObject\TestPhysx</Filter>
    </ClInclude>
    <ClInclude Include="..\public\TestPhysXTerrain.h">
      <Filter>GameObject\TestPhysx\Terrain</Filter>
    </ClInclude>
    <ClInclude Include="..\public\TestPhysXBall.h">
      <Filter>GameObject\TestPhysx\Ball</Filter>
    </ClInclude>
    <ClInclude Include="..\public\TestPhysXBox.h">
      <Filter>GameObject\TestPhysx\Box</Filter>
    </ClInclude>
    <ClInclude Include="..\public\TestPhysXCapsule.h">
      <Filter>GameObject\TestPhysx\Capsule</Filter>
    </ClInclude>
    <ClInclude Include="..\public\Particle_Fire_CPU.h">
      <Filter>Particles</Filter>
    </ClInclude>
    <ClInclude Include="..\public\Particle_Ribbon.h">
      <Filter>Particles</Filter>
    </ClInclude>
    <ClInclude Include="..\Public\TestModel.h">
      <Filter>GameObject\TestModel\Anim</Filter>
    </ClInclude>
    <ClInclude Include="..\Public\Test_StaticModel.h">
      <Filter>GameObject\TestModel\NonAnim</Filter>
    </ClInclude>
    <ClInclude Include="..\public\Monster.h">
      <Filter>GameObject\AI</Filter>
    </ClInclude>
    <ClInclude Include="..\public\BTDecSearch.h">
      <Filter>GameObject\AI\BTDecorator</Filter>
    </ClInclude>
    <ClInclude Include="..\Public\BTHeader_Definse.h">
      <Filter>GameObject\AI\Header</Filter>
    </ClInclude>
    <ClInclude Include="..\public\Trail_Example.h">
      <Filter>Particles</Filter>
    </ClInclude>
    <ClInclude Include="..\public\Particle_Fire_GPU.h">
      <Filter>Particles</Filter>
    </ClInclude>
    <ClInclude Include="..\public\BTDecTimer.h">
      <Filter>GameObject\AI\BTDecorator</Filter>
    </ClInclude>
    <ClInclude Include="..\public\BTDead.h">
      <Filter>GameObject\AI\BTDecorator</Filter>
    </ClInclude>
    <ClInclude Include="..\public\BTDecLier.h">
      <Filter>GameObject\AI\BTDecorator</Filter>
    </ClInclude>
    <ClInclude Include="..\public\BTDecInvert.h">
      <Filter>GameObject\AI\BTDecorator</Filter>
    </ClInclude>
    <ClInclude Include="..\public\TextBox.h">
      <Filter>GameObject\UI</Filter>
    </ClInclude>
    <ClInclude Include="..\public\BTDecFlag.h">
      <Filter>GameObject\AI\BTDecorator</Filter>
    </ClInclude>
    <ClInclude Include="..\public\BTDecHp.h">
      <Filter>GameObject\AI\BTDecorator</Filter>
    </ClInclude>
    <ClInclude Include="..\public\BTAnimation.h">
      <Filter>GameObject\AI\BTAction\Animation</Filter>
    </ClInclude>
    <ClInclude Include="..\public\BTTurnAnimation.h">
      <Filter>GameObject\AI\BTAction\Animation</Filter>
    </ClInclude>
    <ClInclude Include="..\public\BTMove.h">
      <Filter>GameObject\AI\BTAction\Motion</Filter>
    </ClInclude>
    <ClInclude Include="..\public\BTDamage.h">
      <Filter>GameObject\AI\BTAction\Motion</Filter>
    </ClInclude>
    <ClInclude Include="..\public\BTTurnSlow.h">
      <Filter>GameObject\AI\BTAction\Motion</Filter>
    </ClInclude>
    <ClInclude Include="..\public\BTTeleport.h">
      <Filter>GameObject\AI\BTAction\Motion</Filter>
    </ClInclude>
    <ClInclude Include="..\public\BTTurnDirect.h">
      <Filter>GameObject\AI\BTAction\Motion</Filter>
    </ClInclude>
    <ClInclude Include="..\public\BTChase.h">
      <Filter>GameObject\AI\BTAction\Motion</Filter>
    </ClInclude>
    <ClInclude Include="..\public\BTOnlyTrue.h">
      <Filter>GameObject\AI\BTAction\Flow</Filter>
    </ClInclude>
    <ClInclude Include="..\public\BTOnlyFalse.h">
      <Filter>GameObject\AI\BTAction\Flow</Filter>
    </ClInclude>
    <ClInclude Include="..\public\BTAttackAnimation.h">
      <Filter>GameObject\AI\BTAction\Animation</Filter>
    </ClInclude>
    <ClInclude Include="..\Public\TextureUI.h">
      <Filter>GameObject\UI\TexUI</Filter>
    </ClInclude>
    <ClInclude Include="..\public\EffectUI.h">
      <Filter>GameObject\UI\FilpBook</Filter>
    </ClInclude>
    <ClInclude Include="..\public\TextBox.h">
      <Filter>GameObject\UI\TextBox</Filter>
    </ClInclude>
    <ClInclude Include="..\Public\UIManager.h">
      <Filter>GameObject\UI</Filter>
    </ClInclude>
    <ClInclude Include="..\public\Weapon.h">
      <Filter>GameObject\AI\Weapon</Filter>
    </ClInclude>
    <ClInclude Include="..\Public\TestPartObject.h">
      <Filter>GameObject\TestModel\TestPartObject</Filter>
    </ClInclude>
    <ClInclude Include="..\Public\UI_Enums.h">
      <Filter>99.Defines</Filter>
    </ClInclude>
    <ClInclude Include="..\Public\Button.h">
      <Filter>GameObject\UI\Button</Filter>
    </ClInclude>
    <ClInclude Include="..\public\BTRandMoveAnim.h">
      <Filter>GameObject\AI\BTAction\Animation</Filter>
    </ClInclude>
    <ClInclude Include="..\public\BTHitAnimMonster.h">
      <Filter>GameObject\AI\BTAction\Animation</Filter>
    </ClInclude>
    <ClInclude Include="..\public\BTCreatureFlag.h">
      <Filter>GameObject\AI\BTAction\Flow</Filter>
    </ClInclude>
    <ClInclude Include="..\public\TestCharacter.h">
      <Filter>GameObject\TestPhysx\TestCharacter</Filter>
    </ClInclude>
    <ClInclude Include="..\public\TestMonster.h">
      <Filter>GameObject\TestPhysx\TestCharacter</Filter>
    </ClInclude>
    <ClInclude Include="..\public\TestThirdPersonCamera.h">
      <Filter>GameObject\TestPhysx\TestCharacter</Filter>
    </ClInclude>
    <ClInclude Include="..\public\MainAppLoader.h">
      <Filter>Loader\MainApp</Filter>
    </ClInclude>
    <ClInclude Include="..\public\LevelLogoLoader.h">
      <Filter>Loader\Level\Logo</Filter>
    </ClInclude>
    <ClInclude Include="..\public\LevelPhysXLoader.h">
      <Filter>Loader\Level\PhysX</Filter>
    </ClInclude>
    <ClInclude Include="..\public\LevelColliderLoader.h">
      <Filter>Loader\Level\Collider</Filter>
    </ClInclude>
    <ClInclude Include="..\public\LevelPlayGroundLoader.h">
      <Filter>Loader\Level\PlayGround</Filter>
    </ClInclude>
    <ClInclude Include="..\Public\LevelAnimatorLoader.h">
      <Filter>Loader\Level\Animator</Filter>
    </ClInclude>
    <ClInclude Include="..\Public\LevelLightMapLoader.h">
      <Filter>Loader\Level\LightMap</Filter>
    </ClInclude>
    <ClInclude Include="..\Public\LevelUIEditorLoader.h">
      <Filter>Loader\Level\UIEditor</Filter>
    </ClInclude>
    <ClInclude Include="..\Public\SpellMeter.h">
      <Filter>GameObject\UI\Spell</Filter>
    </ClInclude>
    <ClInclude Include="..\Public\LightTerrain.h">
      <Filter>GameObject\LightObject\LightTerrain</Filter>
    </ClInclude>
    <ClInclude Include="..\public\TestPhysXTrigger.h">
      <Filter>GameObject\TestPhysx\Trigger</Filter>
    </ClInclude>
    <ClInclude Include="..\public\BTDecHitCnt.h">
      <Filter>GameObject\AI\BTDecorator</Filter>
    </ClInclude>
    <ClInclude Include="..\public\LevelCreatureEditor.h">
      <Filter>Level\CreatureEditor</Filter>
    </ClInclude>
    <ClInclude Include="..\public\LevelCreatureLoader.h">
      <Filter>Loader\Level\Creature</Filter>
    </ClInclude>
    <ClInclude Include="..\Public\Player.h">
      <Filter>GameObject\Player</Filter>
    </ClInclude>
    <ClInclude Include="..\Public\Player_StateMachine.h">
      <Filter>GameObject\Player\State_Machine</Filter>
    </ClInclude>
    <ClInclude Include="..\public\BTMonAttType.h">
      <Filter>GameObject\AI\BTAction\Flow</Filter>
    </ClInclude>
    <ClInclude Include="..\public\TestPlayer3CameraCreatureEditor.h">
      <Filter>GameObject\CreatureEditor</Filter>
    </ClInclude>
    <ClInclude Include="..\public\TestPlayerCreatureEditor.h">
      <Filter>GameObject\CreatureEditor</Filter>
    </ClInclude>
    <ClInclude Include="..\public\EnderDragon.h">
      <Filter>GameObject\AI</Filter>
    </ClInclude>
    <ClInclude Include="..\Public\Player_Locomotion_State.h">
      <Filter>GameObject\Player\State_Machine\State\Player_Locomotion_State</Filter>
    </ClInclude>
    <ClInclude Include="..\Public\Player_Roll_State.h">
      <Filter>GameObject\Player\State_Machine\State\Player_Roll_State</Filter>
    </ClInclude>
    <ClInclude Include="..\Public\Player_Attack_State.h">
      <Filter>GameObject\Player\State_Machine\State\Player_Attack_State</Filter>
    </ClInclude>
    <ClInclude Include="..\Public\Player_Hit_State.h">
      <Filter>GameObject\Player\State_Machine\State\Player_Hit_State</Filter>
    </ClInclude>
    <ClInclude Include="..\Public\Player_Dead_State.h">
      <Filter>GameObject\Player\State_Machine\State\Player_Dead_State</Filter>
    </ClInclude>
  </ItemGroup>
  <ItemGroup>
    <Image Include="SampleClient.ico">
      <Filter>98.Default</Filter>
    </Image>
    <Image Include="small.ico">
      <Filter>98.Default</Filter>
    </Image>
  </ItemGroup>
  <ItemGroup>
    <ResourceCompile Include="SampleClient.rc">
      <Filter>98.Default</Filter>
    </ResourceCompile>
  </ItemGroup>
  <ItemGroup>
    <ClCompile Include="SampleClient.cpp">
      <Filter>98.Default</Filter>
    </ClCompile>
    <ClCompile Include="pch.cpp">
      <Filter>98.Default</Filter>
    </ClCompile>
    <ClCompile Include="..\Private\MainApp.cpp">
      <Filter>MainApp</Filter>
    </ClCompile>
    <ClCompile Include="..\Private\LevelLoading.cpp">
      <Filter>Level\Loading</Filter>
    </ClCompile>
    <ClCompile Include="..\Private\LevelLogo.cpp">
      <Filter>Level\Logo</Filter>
    </ClCompile>
    <ClCompile Include="..\private\LevelPlayground.cpp">
      <Filter>Level\Playground</Filter>
    </ClCompile>
    <ClCompile Include="..\Private\BackGround.cpp">
      <Filter>GameObject\BackGround</Filter>
    </ClCompile>
    <ClCompile Include="..\private\Terrain.cpp">
      <Filter>GameObject\Terrain</Filter>
    </ClCompile>
    <ClCompile Include="..\private\ResTerrainVIBuffer.cpp">
      <Filter>Resource\Buffer</Filter>
    </ClCompile>
    <ClCompile Include="..\Private\LevelAnimEditor.cpp">
      <Filter>Level\AnimationEditor</Filter>
    </ClCompile>
    <ClCompile Include="..\Private\LevelLightMap.cpp">
      <Filter>Level\LightMap</Filter>
    </ClCompile>
    <ClCompile Include="..\Private\LightObject.cpp">
      <Filter>GameObject\LightObject</Filter>
    </ClCompile>
    <ClCompile Include="..\private\LevelCollider.cpp">
      <Filter>Level\Collider</Filter>
    </ClCompile>
    <ClCompile Include="..\private\TestCollider.cpp">
      <Filter>GameObject\TestCollider</Filter>
    </ClCompile>
    <ClCompile Include="..\private\Particle_Fire_CPU.cpp">
      <Filter>Particles</Filter>
    </ClCompile>
    <ClCompile Include="..\private\Particle_Ribbon.cpp">
      <Filter>Particles</Filter>
    </ClCompile>
    <ClCompile Include="..\private\LevelPhysX.cpp">
      <Filter>Level\PhysX</Filter>
    </ClCompile>
    <ClCompile Include="..\private\TestPhysX.cpp">
      <Filter>GameObject\TestPhysx</Filter>
    </ClCompile>
    <ClCompile Include="..\private\TestPhysXTerrain.cpp">
      <Filter>GameObject\TestPhysx\Terrain</Filter>
    </ClCompile>
    <ClCompile Include="..\private\TestPhysXBall.cpp">
      <Filter>GameObject\TestPhysx\Ball</Filter>
    </ClCompile>
    <ClCompile Include="..\private\TestPhysXBox.cpp">
      <Filter>GameObject\TestPhysx\Box</Filter>
    </ClCompile>
    <ClCompile Include="..\private\TestPhysXCapsule.cpp">
      <Filter>GameObject\TestPhysx\Capsule</Filter>
    </ClCompile>
    <ClCompile Include="..\private\TestGob.cpp">
      <Filter>GameObject\AI</Filter>
    </ClCompile>
    <ClCompile Include="..\private\BTDecTimer.cpp">
      <Filter>GameObject\AI\BTDecorator</Filter>
    </ClCompile>
    <ClCompile Include="..\public\BTDead.cpp">
      <Filter>GameObject\AI\BTDecorator</Filter>
    </ClCompile>
    <ClCompile Include="..\private\BTDecLier.cpp">
      <Filter>GameObject\AI\BTDecorator</Filter>
    </ClCompile>
    <ClCompile Include="..\private\BTDecInvert.cpp">
      <Filter>GameObject\AI\BTDecorator</Filter>
    </ClCompile>
    <ClCompile Include="..\private\BTDecFlag.cpp">
      <Filter>GameObject\AI\BTDecorator</Filter>
    </ClCompile>
    <ClCompile Include="..\private\BTDecHp.cpp">
      <Filter>GameObject\AI\BTDecorator</Filter>
    </ClCompile>
    <ClCompile Include="..\private\BTTurnAnimation.cpp">
      <Filter>GameObject\AI\BTAction\Animation</Filter>
    </ClCompile>
    <ClCompile Include="..\private\BTMove.cpp">
      <Filter>GameObject\AI\BTAction\Motion</Filter>
    </ClCompile>
    <ClCompile Include="..\private\BTDamage.cpp">
      <Filter>GameObject\AI\BTAction\Motion</Filter>
    </ClCompile>
    <ClCompile Include="..\private\BTTeleport.cpp">
      <Filter>GameObject\AI\BTAction\Motion</Filter>
    </ClCompile>
    <ClCompile Include="..\private\BTTurnDirect.cpp">
      <Filter>GameObject\AI\BTAction\Motion</Filter>
    </ClCompile>
    <ClCompile Include="..\private\BTTurnSlow.cpp">
      <Filter>GameObject\AI\BTAction\Motion</Filter>
    </ClCompile>
    <ClCompile Include="..\private\BTChase.cpp">
      <Filter>GameObject\AI\BTAction\Motion</Filter>
    </ClCompile>
    <ClCompile Include="..\private\BTOnlyFalse.cpp">
      <Filter>GameObject\AI\BTAction\Flow</Filter>
    </ClCompile>
    <ClCompile Include="..\private\BTOnlyTrue.cpp">
      <Filter>GameObject\AI\BTAction\Flow</Filter>
    </ClCompile>
    <ClCompile Include="..\private\BTAttackAnimation.cpp">
      <Filter>GameObject\AI\BTAction\Animation</Filter>
    </ClCompile>
    <ClCompile Include="..\private\Weapon.cpp">
      <Filter>GameObject\AI\Weapon</Filter>
    </ClCompile>
    <ClCompile Include="..\Private\TestPartObject.cpp">
      <Filter>GameObject\TestModel\TestPartObject</Filter>
    </ClCompile>
    <ClCompile Include="..\Private\LevelUIEditor.cpp">
      <Filter>Level\UiEditor</Filter>
    </ClCompile>
    <ClCompile Include="..\Private\TextureUI.cpp">
      <Filter>GameObject\UI\TexUI</Filter>
    </ClCompile>
    <ClCompile Include="..\private\EffectUI.cpp">
      <Filter>GameObject\UI\FilpBook</Filter>
    </ClCompile>
    <ClCompile Include="..\private\TextBox.cpp">
      <Filter>GameObject\UI\TextBox</Filter>
    </ClCompile>
    <ClCompile Include="..\Private\UIManager.cpp">
      <Filter>GameObject\UI</Filter>
    </ClCompile>
    <ClCompile Include="..\Private\Button.cpp">
      <Filter>GameObject\UI\Button</Filter>
    </ClCompile>
    <ClCompile Include="..\private\BTRandMoveAnim.cpp">
      <Filter>GameObject\AI\BTAction\Animation</Filter>
    </ClCompile>
    <ClCompile Include="..\private\BTHitAnimMonster.cpp">
      <Filter>GameObject\AI\BTAction\Animation</Filter>
    </ClCompile>
    <ClCompile Include="..\private\BTCreatureFlag.cpp">
      <Filter>GameObject\AI\BTAction\Flow</Filter>
    </ClCompile>
    <ClCompile Include="..\private\TestCharacter.cpp">
      <Filter>GameObject\TestPhysx\TestCharacter</Filter>
    </ClCompile>
    <ClCompile Include="..\private\TestMonster.cpp">
      <Filter>GameObject\TestPhysx\TestCharacter</Filter>
    </ClCompile>
    <ClCompile Include="..\private\TestThirdPersonCamera.cpp">
      <Filter>GameObject\TestPhysx\TestCharacter</Filter>
    </ClCompile>
    <ClCompile Include="..\private\MainAppLoader.cpp">
      <Filter>Loader\MainApp</Filter>
    </ClCompile>
    <ClCompile Include="..\private\LevelLogoLoader.cpp">
      <Filter>Loader\Level\Logo</Filter>
    </ClCompile>
    <ClCompile Include="..\private\LevelPhysXLoader.cpp">
      <Filter>Loader\Level\PhysX</Filter>
    </ClCompile>
    <ClCompile Include="..\private\LevelColliderLoader.cpp">
      <Filter>Loader\Level\Collider</Filter>
    </ClCompile>
    <ClCompile Include="..\Private\LevelAnimatorLoader.cpp">
      <Filter>Loader\Level\Animator</Filter>
    </ClCompile>
    <ClCompile Include="..\private\LevelPlayGroundLoader.cpp">
      <Filter>Loader\Level\PlayGround</Filter>
    </ClCompile>
    <ClCompile Include="..\Private\LevelLightMapLoader.cpp">
      <Filter>Loader\Level\LightMap</Filter>
    </ClCompile>
    <ClCompile Include="..\Private\LevelUIEditorLoader.cpp">
      <Filter>Loader\Level\UIEditor</Filter>
    </ClCompile>
    <ClCompile Include="..\Private\SpellMeter.cpp">
      <Filter>GameObject\UI\Spell</Filter>
    </ClCompile>
    <ClCompile Include="..\Private\LightTerrain.cpp">
      <Filter>GameObject\LightObject\LightTerrain</Filter>
    </ClCompile>
    <ClCompile Include="..\private\TestPhysXTrigger.cpp">
      <Filter>GameObject\TestPhysx\Trigger</Filter>
    </ClCompile>
    <ClCompile Include="..\private\BTDecHitCnt.cpp">
      <Filter>GameObject\AI\BTDecorator</Filter>
    </ClCompile>
    <ClCompile Include="..\private\LevelCreatureEditor.cpp">
      <Filter>Level\CreatureEditor</Filter>
    </ClCompile>
    <ClCompile Include="..\private\LevelCreatureLoader.cpp">
      <Filter>Loader\Level\Creature</Filter>
    </ClCompile>
    <ClCompile Include="..\private\BTMonAttType.cpp">
      <Filter>GameObject\AI\BTAction\Flow</Filter>
    </ClCompile>
    <ClCompile Include="..\private\BTAnimation.cpp">
      <Filter>GameObject\AI\BTAction\Animation</Filter>
    </ClCompile>
    <ClCompile Include="..\Private\Player.cpp">
      <Filter>GameObject\Player</Filter>
    </ClCompile>
    <ClCompile Include="..\Private\Player_StateMachine.cpp">
      <Filter>GameObject\Player\State_Machine</Filter>
    </ClCompile>
    <ClCompile Include="..\private\TestPlayer3CameraCreatureEditor.cpp">
      <Filter>GameObject\CreatureEditor</Filter>
    </ClCompile>
    <ClCompile Include="..\private\TestPlayerCreatureEditor.cpp">
      <Filter>GameObject\CreatureEditor</Filter>
    </ClCompile>
    <ClCompile Include="..\private\EnderDragon.cpp">
      <Filter>GameObject\AI</Filter>
    </ClCompile>
    <ClCompile Include="..\Private\Player_Locomotion_State.cpp">
      <Filter>GameObject\Player\State_Machine\State\Player_Locomotion_State</Filter>
    </ClCompile>
    <ClCompile Include="..\Private\Player_Roll_State.cpp">
      <Filter>GameObject\Player\State_Machine\State\Player_Roll_State</Filter>
    </ClCompile>
    <ClCompile Include="..\Private\Player_Attack_State.cpp">
      <Filter>GameObject\Player\State_Machine\State\Player_Attack_State</Filter>
    </ClCompile>
    <ClCompile Include="..\Private\Player_Hit_State.cpp">
      <Filter>GameObject\Player\State_Machine\State\Player_Hit_State</Filter>
    </ClCompile>
    <ClCompile Include="..\Private\Player_Dead_State.cpp">
      <Filter>GameObject\Player\State_Machine\State\Player_Dead_State</Filter>
    </ClCompile>
  </ItemGroup>
  <ItemGroup>
    <ClCompile Include="..\Private\TestModel.cpp">
      <Filter>GameObject\TestModel</Filter>
    </ClCompile>
    <ClCompile Include="..\Private\TestModel.cpp">
      <Filter>GameObject\TestModel\Anim</Filter>
    </ClCompile>
    <ClCompile Include="..\Private\Test_StaticModel.cpp">
      <Filter>GameObject\TestModel\NonAnim</Filter>
    </ClCompile>
    <ClCompile Include="..\private\Particle_Fire_GPU.cpp">
      <Filter>Particles</Filter>
    </ClCompile>
    <ClCompile Include="..\private\BTDecSearch.cpp">
      <Filter>GameObject\AI\BTDecorator</Filter>
    </ClCompile>
  </ItemGroup>
  <ItemGroup>
    <ClCompile Include="..\private\BTAnimation.cpp">
      <Filter>GameObject\AI\BTAction</Filter>
    </ClCompile>
    <ClCompile Include="..\private\Monster.cpp">
      <Filter>GameObject\AI</Filter>
    </ClCompile>
    <ClCompile Include="..\private\Trail_Example.cpp">
      <Filter>Particles</Filter>
    </ClCompile>
  </ItemGroup>
  <ItemGroup>
    <FxCompile Include="..\ShaderFiles\Shader_VtxNorTex.hlsl">
      <Filter>ShaderFiles</Filter>
    </FxCompile>
    <FxCompile Include="..\Bin\ShaderFiles\TestModel\Shader_VtxAnimMesh.hlsl">
      <Filter>ShaderFiles</Filter>
    </FxCompile>
    <FxCompile Include="..\ShaderFiles\Shader_Structured_Tex_Particle.hlsl">
      <Filter>ShaderFiles</Filter>
    </FxCompile>
    <FxCompile Include="..\ShaderFiles\Shader_Ribbon.hlsl">
      <Filter>ShaderFiles</Filter>
    </FxCompile>
    <FxCompile Include="..\ShaderFiles\Shader_Trail.hlsl">
      <Filter>ShaderFiles</Filter>
    </FxCompile>
    <FxCompile Include="..\ShaderFiles\Shader_CPU_Mesh_Particle.hlsl">
      <Filter>ShaderFiles</Filter>
    </FxCompile>
    <FxCompile Include="..\ShaderFiles\Shader_Structured_Mesh_Particle.hlsl">
      <Filter>ShaderFiles</Filter>
    </FxCompile>
    <FxCompile Include="..\ShaderFiles\Shader_CPU_Tex_Particle.hlsl">
      <Filter>ShaderFiles</Filter>
    </FxCompile>
    <FxCompile Include="..\ShaderFiles\Shader_BladeTrail.hlsl">
      <Filter>ShaderFiles</Filter>
    </FxCompile>
  </ItemGroup>
  <ItemGroup>
    <None Include="..\LuaFiles\ClientTest\asdf.lua">
      <Filter>LuaFiles\ClientTest</Filter>
    </None>
  </ItemGroup>
</Project>